{
  "version": 4,
  "terraform_version": "1.3.2",
  "serial": 1460,
  "lineage": "fcfcfd86-6cf9-4944-2ae3-3ed57c8e4477",
  "outputs": {
    "website_endpoint": {
      "value": "tourfluent-1.s3-website-us-east-1.amazonaws.com",
      "type": "string"
    }
  },
  "resources": [
    {
      "module": "module.s3-website",
      "mode": "managed",
      "type": "aws_s3_bucket",
      "name": "static_site",
      "provider": "provider[\"registry.terraform.io/hashicorp/aws\"]",
      "instances": [
        {
          "schema_version": 0,
          "attributes": {
            "acceleration_status": "",
            "acl": "public-read",
            "arn": "arn:aws:s3:::tourfluent-1",
            "bucket": "tourfluent-1",
            "bucket_domain_name": "tourfluent-1.s3.amazonaws.com",
            "bucket_prefix": null,
            "bucket_regional_domain_name": "tourfluent-1.s3.amazonaws.com",
            "cors_rule": [],
            "force_destroy": false,
            "grant": [
              {
                "id": "",
                "permissions": [
                  "READ"
                ],
                "type": "Group",
                "uri": "http://acs.amazonaws.com/groups/global/AllUsers"
              },
              {
                "id": "5a408f81f4e5763024cf64bbcef4c69c42bc9b9391da04bbbd0618603e20842e",
                "permissions": [
                  "FULL_CONTROL"
                ],
                "type": "CanonicalUser",
                "uri": ""
              }
            ],
            "hosted_zone_id": "Z3AQBSTGFYJSTF",
            "id": "tourfluent-1",
            "lifecycle_rule": [],
            "logging": [],
            "object_lock_configuration": [],
            "object_lock_enabled": false,
            "policy": "",
            "region": "us-east-1",
            "replication_configuration": [],
            "request_payer": "BucketOwner",
            "server_side_encryption_configuration": [],
            "tags": {},
            "tags_all": {},
            "timeouts": null,
            "versioning": [
              {
                "enabled": false,
                "mfa_delete": false
              }
            ],
            "website": [
              {
                "error_document": "",
                "index_document": "index.html",
                "redirect_all_requests_to": "",
                "routing_rules": ""
              }
            ],
            "website_domain": "s3-website-us-east-1.amazonaws.com",
            "website_endpoint": "tourfluent-1.s3-website-us-east-1.amazonaws.com"
          },
          "sensitive_attributes": [],
          "private": "eyJlMmJmYjczMC1lY2FhLTExZTYtOGY4OC0zNDM2M2JjN2M0YzAiOnsiY3JlYXRlIjoxMjAwMDAwMDAwMDAwLCJkZWxldGUiOjM2MDAwMDAwMDAwMDAsInJlYWQiOjEyMDAwMDAwMDAwMDAsInVwZGF0ZSI6MTIwMDAwMDAwMDAwMH19"
        }
      ]
    },
    {
      "module": "module.s3-website",
      "mode": "managed",
      "type": "aws_s3_bucket_object",
      "name": "about-us",
      "provider": "provider[\"registry.terraform.io/hashicorp/aws\"]",
      "instances": [
        {
          "schema_version": 0,
          "attributes": {
            "acl": "public-read",
            "bucket": "tourfluent-1",
            "bucket_key_enabled": false,
            "cache_control": "",
            "content": null,
            "content_base64": null,
            "content_disposition": "",
            "content_encoding": "",
            "content_language": "",
            "content_type": "text/html",
            "etag": "1de59d185dd709fb4fabecebffc6ab43",
            "force_destroy": false,
            "id": "about-us.html",
            "key": "about-us.html",
            "kms_key_id": null,
            "metadata": {},
            "object_lock_legal_hold_status": "",
            "object_lock_mode": "",
            "object_lock_retain_until_date": "",
            "server_side_encryption": "",
            "source": "html/about-us.html",
            "source_hash": null,
            "storage_class": "STANDARD",
            "tags": {},
            "tags_all": {},
            "version_id": "",
            "website_redirect": ""
          },
          "sensitive_attributes": [],
          "private": "bnVsbA==",
          "dependencies": [
            "module.s3-website.aws_s3_bucket.static_site"
          ]
        }
      ]
    },
    {
      "module": "module.s3-website",
      "mode": "managed",
      "type": "aws_s3_bucket_object",
      "name": "about-us1",
      "provider": "provider[\"registry.terraform.io/hashicorp/aws\"]",
      "instances": [
        {
          "schema_version": 0,
          "attributes": {
            "acl": "public-read",
            "bucket": "tourfluent-1",
            "bucket_key_enabled": false,
            "cache_control": "",
            "content": null,
            "content_base64": null,
            "content_disposition": "",
            "content_encoding": "",
            "content_language": "",
            "content_type": "style/css",
            "etag": "428b681e28b75964910d3439c52f8bfa",
            "force_destroy": false,
            "id": "about-us.css",
            "key": "about-us.css",
            "kms_key_id": null,
            "metadata": {},
            "object_lock_legal_hold_status": "",
            "object_lock_mode": "",
            "object_lock_retain_until_date": "",
            "server_side_encryption": "",
            "source": "html/about-us.css",
            "source_hash": null,
            "storage_class": "STANDARD",
            "tags": {},
            "tags_all": {},
            "version_id": "",
            "website_redirect": ""
          },
          "sensitive_attributes": [],
          "private": "bnVsbA==",
          "dependencies": [
            "module.s3-website.aws_s3_bucket.static_site"
          ]
        }
      ]
    },
    {
      "module": "module.s3-website",
      "mode": "managed",
      "type": "aws_s3_bucket_object",
      "name": "components",
      "provider": "provider[\"registry.terraform.io/hashicorp/aws\"]",
      "instances": [
        {
          "schema_version": 0,
          "attributes": {
            "acl": "public-read",
            "bucket": "tourfluent-1",
            "bucket_key_enabled": false,
            "cache_control": "",
            "content": null,
            "content_base64": null,
            "content_disposition": "",
            "content_encoding": "",
            "content_language": "",
            "content_type": "binary/octet-stream",
            "etag": "d41d8cd98f00b204e9800998ecf8427e",
            "force_destroy": false,
            "id": "components/",
            "key": "components/",
            "kms_key_id": null,
            "metadata": {},
            "object_lock_legal_hold_status": "",
            "object_lock_mode": "",
            "object_lock_retain_until_date": "",
            "server_side_encryption": "",
            "source": "/dev/null",
            "source_hash": null,
            "storage_class": "STANDARD",
            "tags": {},
            "tags_all": {},
            "version_id": "",
            "website_redirect": ""
          },
          "sensitive_attributes": [],
          "private": "bnVsbA==",
          "dependencies": [
            "module.s3-website.aws_s3_bucket.static_site"
          ]
        }
      ]
    },
    {
      "module": "module.s3-website",
      "mode": "managed",
      "type": "aws_s3_bucket_object",
      "name": "dist",
      "provider": "provider[\"registry.terraform.io/hashicorp/aws\"]",
      "instances": [
        {
          "index_key": "birla-mandir-hyderabad-tourism-entryfee-timings-package-tour-300h.jpeg",
          "schema_version": 0,
          "attributes": {
            "acl": "public-read",
            "bucket": "tourfluent-1",
            "bucket_key_enabled": false,
            "cache_control": "",
            "content": null,
            "content_base64": null,
            "content_disposition": "",
            "content_encoding": "",
            "content_language": "",
            "content_type": "binary/octet-stream",
            "etag": "a486b26a336d61e469afeabebc0feabc",
            "force_destroy": false,
            "id": "birla-mandir-hyderabad-tourism-entryfee-timings-package-tour-300h.jpeg",
            "key": "birla-mandir-hyderabad-tourism-entryfee-timings-package-tour-300h.jpeg",
            "kms_key_id": null,
            "metadata": null,
            "object_lock_legal_hold_status": "",
            "object_lock_mode": "",
            "object_lock_retain_until_date": "",
            "server_side_encryption": "",
            "source": "/Users/shashank/Desktop/smitha project/live/website/html/public/playground_assets/birla-mandir-hyderabad-tourism-entryfee-timings-package-tour-300h.jpeg",
            "source_hash": null,
            "storage_class": "STANDARD",
            "tags": null,
            "tags_all": {},
            "version_id": "",
            "website_redirect": ""
          },
          "sensitive_attributes": [],
          "private": "bnVsbA==",
          "dependencies": [
            "module.s3-website.aws_s3_bucket.static_site"
          ]
        },
        {
          "index_key": "blog 1-1500w.jpg",
          "schema_version": 0,
          "attributes": {
            "acl": "public-read",
            "bucket": "tourfluent-1",
            "bucket_key_enabled": false,
            "cache_control": "",
            "content": null,
            "content_base64": null,
            "content_disposition": "",
            "content_encoding": "",
            "content_language": "",
            "content_type": "binary/octet-stream",
            "etag": "81b23390e176159e6365bbd8f0dd42ae",
            "force_destroy": false,
            "id": "blog 1-1500w.jpg",
            "key": "blog 1-1500w.jpg",
            "kms_key_id": null,
            "metadata": null,
            "object_lock_legal_hold_status": "",
            "object_lock_mode": "",
            "object_lock_retain_until_date": "",
            "server_side_encryption": "",
            "source": "/Users/shashank/Desktop/smitha project/live/website/html/public/playground_assets/blog 1-1500w.jpg",
            "source_hash": null,
            "storage_class": "STANDARD",
            "tags": null,
            "tags_all": {},
            "version_id": "",
            "website_redirect": ""
          },
          "sensitive_attributes": [],
          "private": "bnVsbA==",
          "dependencies": [
            "module.s3-website.aws_s3_bucket.static_site"
          ]
        },
        {
          "index_key": "charminar-300h.webp",
          "schema_version": 0,
          "attributes": {
            "acl": "public-read",
            "bucket": "tourfluent-1",
            "bucket_key_enabled": false,
            "cache_control": "",
            "content": null,
            "content_base64": null,
            "content_disposition": "",
            "content_encoding": "",
            "content_language": "",
            "content_type": "binary/octet-stream",
            "etag": "c4dce8fd9db81776fa67fcd17255e209",
            "force_destroy": false,
            "id": "charminar-300h.webp",
            "key": "charminar-300h.webp",
            "kms_key_id": null,
            "metadata": null,
            "object_lock_legal_hold_status": "",
            "object_lock_mode": "",
            "object_lock_retain_until_date": "",
            "server_side_encryption": "",
            "source": "/Users/shashank/Desktop/smitha project/live/website/html/public/playground_assets/charminar-300h.webp",
            "source_hash": null,
            "storage_class": "STANDARD",
            "tags": null,
            "tags_all": {},
            "version_id": "",
            "website_redirect": ""
          },
          "sensitive_attributes": [],
          "private": "bnVsbA==",
          "dependencies": [
            "module.s3-website.aws_s3_bucket.static_site"
          ]
        },
        {
          "index_key": "chowmahalla-1-17-300h.webp",
          "schema_version": 0,
          "attributes": {
            "acl": "public-read",
            "bucket": "tourfluent-1",
            "bucket_key_enabled": false,
            "cache_control": "",
            "content": null,
            "content_base64": null,
            "content_disposition": "",
            "content_encoding": "",
            "content_language": "",
            "content_type": "binary/octet-stream",
            "etag": "eec9c63f204056240b71166d383b54a6",
            "force_destroy": false,
            "id": "chowmahalla-1-17-300h.webp",
            "key": "chowmahalla-1-17-300h.webp",
            "kms_key_id": null,
            "metadata": null,
            "object_lock_legal_hold_status": "",
            "object_lock_mode": "",
            "object_lock_retain_until_date": "",
            "server_side_encryption": "",
            "source": "/Users/shashank/Desktop/smitha project/live/website/html/public/playground_assets/chowmahalla-1-17-300h.webp",
            "source_hash": null,
            "storage_class": "STANDARD",
            "tags": null,
            "tags_all": {},
            "version_id": "",
            "website_redirect": ""
          },
          "sensitive_attributes": [],
          "private": "bnVsbA==",
          "dependencies": [
            "module.s3-website.aws_s3_bucket.static_site"
          ]
        },
        {
          "index_key": "favicon1.png",
          "schema_version": 0,
          "attributes": {
            "acl": "public-read",
            "bucket": "tourfluent-1",
            "bucket_key_enabled": false,
            "cache_control": "",
            "content": null,
            "content_base64": null,
            "content_disposition": "",
            "content_encoding": "",
            "content_language": "",
            "content_type": "binary/octet-stream",
            "etag": "2177e8ab367bd7d8039c6ac8202157c2",
            "force_destroy": false,
            "id": "favicon1.png",
            "key": "favicon1.png",
            "kms_key_id": null,
            "metadata": null,
            "object_lock_legal_hold_status": "",
            "object_lock_mode": "",
            "object_lock_retain_until_date": "",
            "server_side_encryption": "",
            "source": "/Users/shashank/Desktop/smitha project/live/website/html/public/playground_assets/favicon1.png",
            "source_hash": null,
            "storage_class": "STANDARD",
            "tags": null,
            "tags_all": {},
            "version_id": "",
            "website_redirect": ""
          },
          "sensitive_attributes": [],
          "private": "bnVsbA==",
          "dependencies": [
            "module.s3-website.aws_s3_bucket.static_site"
          ]
        },
        {
          "index_key": "golconda-fort-hyderabad-tourism-entryfee-timings-package-tour-300h.jpeg",
          "schema_version": 0,
          "attributes": {
            "acl": "public-read",
            "bucket": "tourfluent-1",
            "bucket_key_enabled": false,
            "cache_control": "",
            "content": null,
            "content_base64": null,
            "content_disposition": "",
            "content_encoding": "",
            "content_language": "",
            "content_type": "binary/octet-stream",
            "etag": "5e3aa4380b97ad9d582d5c761bc6f380",
            "force_destroy": false,
            "id": "golconda-fort-hyderabad-tourism-entryfee-timings-package-tour-300h.jpeg",
            "key": "golconda-fort-hyderabad-tourism-entryfee-timings-package-tour-300h.jpeg",
            "kms_key_id": null,
            "metadata": null,
            "object_lock_legal_hold_status": "",
            "object_lock_mode": "",
            "object_lock_retain_until_date": "",
            "server_side_encryption": "",
            "source": "/Users/shashank/Desktop/smitha project/live/website/html/public/playground_assets/golconda-fort-hyderabad-tourism-entryfee-timings-package-tour-300h.jpeg",
            "source_hash": null,
            "storage_class": "STANDARD",
            "tags": null,
            "tags_all": {},
            "version_id": "",
            "website_redirect": ""
          },
          "sensitive_attributes": [],
          "private": "bnVsbA==",
          "dependencies": [
            "module.s3-website.aws_s3_bucket.static_site"
          ]
        },
        {
          "index_key": "happy-family-travelling-by-car-with-camping-equipment-top_74855-10751-1500w.jpeg",
          "schema_version": 0,
          "attributes": {
            "acl": "public-read",
            "bucket": "tourfluent-1",
            "bucket_key_enabled": false,
            "cache_control": "",
            "content": null,
            "content_base64": null,
            "content_disposition": "",
            "content_encoding": "",
            "content_language": "",
            "content_type": "binary/octet-stream",
            "etag": "bcf3450a8ab1c6c4a5ac3b54c31700d5",
            "force_destroy": false,
            "id": "happy-family-travelling-by-car-with-camping-equipment-top_74855-10751-1500w.jpeg",
            "key": "happy-family-travelling-by-car-with-camping-equipment-top_74855-10751-1500w.jpeg",
            "kms_key_id": null,
            "metadata": null,
            "object_lock_legal_hold_status": "",
            "object_lock_mode": "",
            "object_lock_retain_until_date": "",
            "server_side_encryption": "",
            "source": "/Users/shashank/Desktop/smitha project/live/website/html/public/playground_assets/happy-family-travelling-by-car-with-camping-equipment-top_74855-10751-1500w.jpeg",
            "source_hash": null,
            "storage_class": "STANDARD",
            "tags": null,
            "tags_all": {},
            "version_id": "",
            "website_redirect": ""
          },
          "sensitive_attributes": [],
          "private": "bnVsbA==",
          "dependencies": [
            "module.s3-website.aws_s3_bucket.static_site"
          ]
        },
        {
          "index_key": "hyderabad-1500w.jpeg",
          "schema_version": 0,
          "attributes": {
            "acl": "public-read",
            "bucket": "tourfluent-1",
            "bucket_key_enabled": false,
            "cache_control": "",
            "content": null,
            "content_base64": null,
            "content_disposition": "",
            "content_encoding": "",
            "content_language": "",
            "content_type": "binary/octet-stream",
            "etag": "afbbf6d2472768e446f5f9c63d8abf9d",
            "force_destroy": false,
            "id": "hyderabad-1500w.jpeg",
            "key": "hyderabad-1500w.jpeg",
            "kms_key_id": null,
            "metadata": null,
            "object_lock_legal_hold_status": "",
            "object_lock_mode": "",
            "object_lock_retain_until_date": "",
            "server_side_encryption": "",
            "source": "/Users/shashank/Desktop/smitha project/live/website/html/public/playground_assets/hyderabad-1500w.jpeg",
            "source_hash": null,
            "storage_class": "STANDARD",
            "tags": null,
            "tags_all": {},
            "version_id": "",
            "website_redirect": ""
          },
          "sensitive_attributes": [],
          "private": "bnVsbA==",
          "dependencies": [
            "module.s3-website.aws_s3_bucket.static_site"
          ]
        },
        {
          "index_key": "istockphoto-1300512215-612x612-200h.jpg",
          "schema_version": 0,
          "attributes": {
            "acl": "public-read",
            "bucket": "tourfluent-1",
            "bucket_key_enabled": false,
            "cache_control": "",
            "content": null,
            "content_base64": null,
            "content_disposition": "",
            "content_encoding": "",
            "content_language": "",
            "content_type": "binary/octet-stream",
            "etag": "af32d4bc4ec97033f2a171a881afa07f",
            "force_destroy": false,
            "id": "istockphoto-1300512215-612x612-200h.jpg",
            "key": "istockphoto-1300512215-612x612-200h.jpg",
            "kms_key_id": null,
            "metadata": null,
            "object_lock_legal_hold_status": "",
            "object_lock_mode": "",
            "object_lock_retain_until_date": "",
            "server_side_encryption": "",
            "source": "/Users/shashank/Desktop/smitha project/live/website/html/public/playground_assets/istockphoto-1300512215-612x612-200h.jpg",
            "source_hash": null,
            "storage_class": "STANDARD",
            "tags": null,
            "tags_all": {},
            "version_id": "",
            "website_redirect": ""
          },
          "sensitive_attributes": [],
          "private": "bnVsbA==",
          "dependencies": [
            "module.s3-website.aws_s3_bucket.static_site"
          ]
        },
        {
          "index_key": "logo-200h.jpg",
          "schema_version": 0,
          "attributes": {
            "acl": "public-read",
            "bucket": "tourfluent-1",
            "bucket_key_enabled": false,
            "cache_control": "",
            "content": null,
            "content_base64": null,
            "content_disposition": "",
            "content_encoding": "",
            "content_language": "",
            "content_type": "binary/octet-stream",
            "etag": "0db984238d5c141e7fe9673b114989e5",
            "force_destroy": false,
            "id": "logo-200h.jpg",
            "key": "logo-200h.jpg",
            "kms_key_id": null,
            "metadata": null,
            "object_lock_legal_hold_status": "",
            "object_lock_mode": "",
            "object_lock_retain_until_date": "",
            "server_side_encryption": "",
            "source": "/Users/shashank/Desktop/smitha project/live/website/html/public/playground_assets/logo-200h.jpg",
            "source_hash": null,
            "storage_class": "STANDARD",
            "tags": null,
            "tags_all": {},
            "version_id": "",
            "website_redirect": ""
          },
          "sensitive_attributes": [],
          "private": "bnVsbA==",
          "dependencies": [
            "module.s3-website.aws_s3_bucket.static_site"
          ]
        },
        {
          "index_key": "logo1-200h.jpg",
          "schema_version": 0,
          "attributes": {
            "acl": "public-read",
            "bucket": "tourfluent-1",
            "bucket_key_enabled": false,
            "cache_control": "",
            "content": null,
            "content_base64": null,
            "content_disposition": "",
            "content_encoding": "",
            "content_language": "",
            "content_type": "binary/octet-stream",
            "etag": "47f971cb047b71419681e62e0ca71211",
            "force_destroy": false,
            "id": "logo1-200h.jpg",
            "key": "logo1-200h.jpg",
            "kms_key_id": null,
            "metadata": null,
            "object_lock_legal_hold_status": "",
            "object_lock_mode": "",
            "object_lock_retain_until_date": "",
            "server_side_encryption": "",
            "source": "/Users/shashank/Desktop/smitha project/live/website/html/public/playground_assets/logo1-200h.jpg",
            "source_hash": null,
            "storage_class": "STANDARD",
            "tags": null,
            "tags_all": {},
            "version_id": "",
            "website_redirect": ""
          },
          "sensitive_attributes": [],
          "private": "bnVsbA==",
          "dependencies": [
            "module.s3-website.aws_s3_bucket.static_site"
          ]
        },
        {
          "index_key": "pastedimage-dj3f-800w.png",
          "schema_version": 0,
          "attributes": {
            "acl": "public-read",
            "bucket": "tourfluent-1",
            "bucket_key_enabled": false,
            "cache_control": "",
            "content": null,
            "content_base64": null,
            "content_disposition": "",
            "content_encoding": "",
            "content_language": "",
            "content_type": "binary/octet-stream",
            "etag": "487fb92bc77a16214d4dd386cc2a0f0e",
            "force_destroy": false,
            "id": "pastedimage-dj3f-800w.png",
            "key": "pastedimage-dj3f-800w.png",
            "kms_key_id": null,
            "metadata": null,
            "object_lock_legal_hold_status": "",
            "object_lock_mode": "",
            "object_lock_retain_until_date": "",
            "server_side_encryption": "",
            "source": "/Users/shashank/Desktop/smitha project/live/website/html/public/playground_assets/pastedimage-dj3f-800w.png",
            "source_hash": null,
            "storage_class": "STANDARD",
            "tags": null,
            "tags_all": {},
            "version_id": "",
            "website_redirect": ""
          },
          "sensitive_attributes": [],
          "private": "bnVsbA==",
          "dependencies": [
            "module.s3-website.aws_s3_bucket.static_site"
          ]
        },
        {
          "index_key": "pleasant-looking-serious-man-stands-profile-has-confident-expression-wears-casual-white-t-shirt_273609-16959-200h.jpg",
          "schema_version": 0,
          "attributes": {
            "acl": "public-read",
            "bucket": "tourfluent-1",
            "bucket_key_enabled": false,
            "cache_control": "",
            "content": null,
            "content_base64": null,
            "content_disposition": "",
            "content_encoding": "",
            "content_language": "",
            "content_type": "binary/octet-stream",
            "etag": "447c812c83855f74fc28dd1da725b525",
            "force_destroy": false,
            "id": "pleasant-looking-serious-man-stands-profile-has-confident-expression-wears-casual-white-t-shirt_273609-16959-200h.jpg",
            "key": "pleasant-looking-serious-man-stands-profile-has-confident-expression-wears-casual-white-t-shirt_273609-16959-200h.jpg",
            "kms_key_id": null,
            "metadata": null,
            "object_lock_legal_hold_status": "",
            "object_lock_mode": "",
            "object_lock_retain_until_date": "",
            "server_side_encryption": "",
            "source": "/Users/shashank/Desktop/smitha project/live/website/html/public/playground_assets/pleasant-looking-serious-man-stands-profile-has-confident-expression-wears-casual-white-t-shirt_273609-16959-200h.jpg",
            "source_hash": null,
            "storage_class": "STANDARD",
            "tags": null,
            "tags_all": {},
            "version_id": "",
            "website_redirect": ""
          },
          "sensitive_attributes": [],
          "private": "bnVsbA==",
          "dependencies": [
            "module.s3-website.aws_s3_bucket.static_site"
          ]
        },
        {
          "index_key": "popphoto.png",
          "schema_version": 0,
          "attributes": {
            "acl": "public-read",
            "bucket": "tourfluent-1",
            "bucket_key_enabled": false,
            "cache_control": "",
            "content": null,
            "content_base64": null,
            "content_disposition": "",
            "content_encoding": "",
            "content_language": "",
            "content_type": "binary/octet-stream",
            "etag": "5e2c3936fd15cde0ca4453f6913f59ac",
            "force_destroy": false,
            "id": "popphoto.png",
            "key": "popphoto.png",
            "kms_key_id": null,
            "metadata": null,
            "object_lock_legal_hold_status": "",
            "object_lock_mode": "",
            "object_lock_retain_until_date": "",
            "server_side_encryption": "",
            "source": "/Users/shashank/Desktop/smitha project/live/website/html/public/playground_assets/popphoto.png",
            "source_hash": null,
            "storage_class": "STANDARD",
            "tags": null,
            "tags_all": {},
            "version_id": "",
            "website_redirect": ""
          },
          "sensitive_attributes": [],
          "private": "bnVsbA==",
          "dependencies": [
            "module.s3-website.aws_s3_bucket.static_site"
          ]
        },
        {
          "index_key": "ramoji-film-city-hyderabad-tourism-entry-fee-timings-holidays-reviews-header-300h.jpeg",
          "schema_version": 0,
          "attributes": {
            "acl": "public-read",
            "bucket": "tourfluent-1",
            "bucket_key_enabled": false,
            "cache_control": "",
            "content": null,
            "content_base64": null,
            "content_disposition": "",
            "content_encoding": "",
            "content_language": "",
            "content_type": "binary/octet-stream",
            "etag": "bdb166a8f5ebedb705b48cccea85b465",
            "force_destroy": false,
            "id": "ramoji-film-city-hyderabad-tourism-entry-fee-timings-holidays-reviews-header-300h.jpeg",
            "key": "ramoji-film-city-hyderabad-tourism-entry-fee-timings-holidays-reviews-header-300h.jpeg",
            "kms_key_id": null,
            "metadata": null,
            "object_lock_legal_hold_status": "",
            "object_lock_mode": "",
            "object_lock_retain_until_date": "",
            "server_side_encryption": "",
            "source": "/Users/shashank/Desktop/smitha project/live/website/html/public/playground_assets/ramoji-film-city-hyderabad-tourism-entry-fee-timings-holidays-reviews-header-300h.jpeg",
            "source_hash": null,
            "storage_class": "STANDARD",
            "tags": null,
            "tags_all": {},
            "version_id": "",
            "website_redirect": ""
          },
          "sensitive_attributes": [],
          "private": "bnVsbA==",
          "dependencies": [
            "module.s3-website.aws_s3_bucket.static_site"
          ]
        },
        {
          "index_key": "ravishing-500h.jpg",
          "schema_version": 0,
          "attributes": {
            "acl": "public-read",
            "bucket": "tourfluent-1",
            "bucket_key_enabled": false,
            "cache_control": "",
            "content": null,
            "content_base64": null,
            "content_disposition": "",
            "content_encoding": "",
            "content_language": "",
            "content_type": "binary/octet-stream",
            "etag": "a90329f08ed923f40ae1f3ce100f409f",
            "force_destroy": false,
            "id": "ravishing-500h.jpg",
            "key": "ravishing-500h.jpg",
            "kms_key_id": null,
            "metadata": null,
            "object_lock_legal_hold_status": "",
            "object_lock_mode": "",
            "object_lock_retain_until_date": "",
            "server_side_encryption": "",
            "source": "/Users/shashank/Desktop/smitha project/live/website/html/public/playground_assets/ravishing-500h.jpg",
            "source_hash": null,
            "storage_class": "STANDARD",
            "tags": null,
            "tags_all": {},
            "version_id": "",
            "website_redirect": ""
          },
          "sensitive_attributes": [],
          "private": "bnVsbA==",
          "dependencies": [
            "module.s3-website.aws_s3_bucket.static_site"
          ]
        },
        {
          "index_key": "salar jung-300h.jpg",
          "schema_version": 0,
          "attributes": {
            "acl": "public-read",
            "bucket": "tourfluent-1",
            "bucket_key_enabled": false,
            "cache_control": "",
            "content": null,
            "content_base64": null,
            "content_disposition": "",
            "content_encoding": "",
            "content_language": "",
            "content_type": "binary/octet-stream",
            "etag": "0c2f40d267a759486f918cfbe1df4b03",
            "force_destroy": false,
            "id": "salar jung-300h.jpg",
            "key": "salar jung-300h.jpg",
            "kms_key_id": null,
            "metadata": null,
            "object_lock_legal_hold_status": "",
            "object_lock_mode": "",
            "object_lock_retain_until_date": "",
            "server_side_encryption": "",
            "source": "/Users/shashank/Desktop/smitha project/live/website/html/public/playground_assets/salar jung-300h.jpg",
            "source_hash": null,
            "storage_class": "STANDARD",
            "tags": null,
            "tags_all": {},
            "version_id": "",
            "website_redirect": ""
          },
          "sensitive_attributes": [],
          "private": "bnVsbA==",
          "dependencies": [
            "module.s3-website.aws_s3_bucket.static_site"
          ]
        },
        {
          "index_key": "shopping-street-in-hyderabad-1280x720-1500w.jpg",
          "schema_version": 0,
          "attributes": {
            "acl": "public-read",
            "bucket": "tourfluent-1",
            "bucket_key_enabled": false,
            "cache_control": "",
            "content": null,
            "content_base64": null,
            "content_disposition": "",
            "content_encoding": "",
            "content_language": "",
            "content_type": "binary/octet-stream",
            "etag": "aa98877902e7b1f374afca27dafc7e91",
            "force_destroy": false,
            "id": "shopping-street-in-hyderabad-1280x720-1500w.jpg",
            "key": "shopping-street-in-hyderabad-1280x720-1500w.jpg",
            "kms_key_id": null,
            "metadata": null,
            "object_lock_legal_hold_status": "",
            "object_lock_mode": "",
            "object_lock_retain_until_date": "",
            "server_side_encryption": "",
            "source": "/Users/shashank/Desktop/smitha project/live/website/html/public/playground_assets/shopping-street-in-hyderabad-1280x720-1500w.jpg",
            "source_hash": null,
            "storage_class": "STANDARD",
            "tags": null,
            "tags_all": {},
            "version_id": "",
            "website_redirect": ""
          },
          "sensitive_attributes": [],
          "private": "bnVsbA==",
          "dependencies": [
            "module.s3-website.aws_s3_bucket.static_site"
          ]
        },
        {
          "index_key": "think-biryani-think-hyderabad-1500w.jpg",
          "schema_version": 0,
          "attributes": {
            "acl": "public-read",
            "bucket": "tourfluent-1",
            "bucket_key_enabled": false,
            "cache_control": "",
            "content": null,
            "content_base64": null,
            "content_disposition": "",
            "content_encoding": "",
            "content_language": "",
            "content_type": "binary/octet-stream",
            "etag": "6f97c695c073f28a84bbaa44de848449",
            "force_destroy": false,
            "id": "think-biryani-think-hyderabad-1500w.jpg",
            "key": "think-biryani-think-hyderabad-1500w.jpg",
            "kms_key_id": null,
            "metadata": null,
            "object_lock_legal_hold_status": "",
            "object_lock_mode": "",
            "object_lock_retain_until_date": "",
            "server_side_encryption": "",
            "source": "/Users/shashank/Desktop/smitha project/live/website/html/public/playground_assets/think-biryani-think-hyderabad-1500w.jpg",
            "source_hash": null,
            "storage_class": "STANDARD",
            "tags": null,
            "tags_all": {},
            "version_id": "",
            "website_redirect": ""
          },
          "sensitive_attributes": [],
          "private": "bnVsbA==",
          "dependencies": [
            "module.s3-website.aws_s3_bucket.static_site"
          ]
        }
      ]
    },
    {
      "module": "module.s3-website",
      "mode": "managed",
      "type": "aws_s3_bucket_object",
      "name": "dist1",
      "provider": "provider[\"registry.terraform.io/hashicorp/aws\"]",
      "instances": [
        {
          "index_key": "blog-post-card1.css",
          "schema_version": 0,
          "attributes": {
            "acl": "public-read",
            "bucket": "tourfluent-1",
            "bucket_key_enabled": false,
            "cache_control": "",
            "content": null,
            "content_base64": null,
            "content_disposition": "",
            "content_encoding": "",
            "content_language": "",
            "content_type": "binary/octet-stream",
            "etag": "de02fa4ff1d7690a7fd04981874e84ea",
            "force_destroy": false,
            "id": "blog-post-card1.css",
            "key": "blog-post-card1.css",
            "kms_key_id": null,
            "metadata": null,
            "object_lock_legal_hold_status": "",
            "object_lock_mode": "",
            "object_lock_retain_until_date": "",
            "server_side_encryption": "",
            "source": "/Users/shashank/Desktop/smitha project/live/website/html/components/blog-post-card1.css",
            "source_hash": null,
            "storage_class": "STANDARD",
            "tags": null,
            "tags_all": {},
            "version_id": "",
            "website_redirect": ""
          },
          "sensitive_attributes": [],
          "private": "bnVsbA==",
          "dependencies": [
            "module.s3-website.aws_s3_bucket.static_site"
          ]
        },
        {
          "index_key": "blog-post-card1.html",
          "schema_version": 0,
          "attributes": {
            "acl": "public-read",
            "bucket": "tourfluent-1",
            "bucket_key_enabled": false,
            "cache_control": "",
            "content": null,
            "content_base64": null,
            "content_disposition": "",
            "content_encoding": "",
            "content_language": "",
            "content_type": "binary/octet-stream",
            "etag": "720a453c034e8d79bae708c1d4b34806",
            "force_destroy": false,
            "id": "blog-post-card1.html",
            "key": "blog-post-card1.html",
            "kms_key_id": null,
            "metadata": null,
            "object_lock_legal_hold_status": "",
            "object_lock_mode": "",
            "object_lock_retain_until_date": "",
            "server_side_encryption": "",
            "source": "/Users/shashank/Desktop/smitha project/live/website/html/components/blog-post-card1.html",
            "source_hash": null,
            "storage_class": "STANDARD",
            "tags": null,
            "tags_all": {},
            "version_id": "",
            "website_redirect": ""
          },
          "sensitive_attributes": [],
          "private": "bnVsbA==",
          "dependencies": [
            "module.s3-website.aws_s3_bucket.static_site"
          ]
        },
        {
          "index_key": "blog-post-card11.css",
          "schema_version": 0,
          "attributes": {
            "acl": "public-read",
            "bucket": "tourfluent-1",
            "bucket_key_enabled": false,
            "cache_control": "",
            "content": null,
            "content_base64": null,
            "content_disposition": "",
            "content_encoding": "",
            "content_language": "",
            "content_type": "binary/octet-stream",
            "etag": "72dd67ed184773eb1c868fba0c8e991d",
            "force_destroy": false,
            "id": "blog-post-card11.css",
            "key": "blog-post-card11.css",
            "kms_key_id": null,
            "metadata": null,
            "object_lock_legal_hold_status": "",
            "object_lock_mode": "",
            "object_lock_retain_until_date": "",
            "server_side_encryption": "",
            "source": "/Users/shashank/Desktop/smitha project/live/website/html/components/blog-post-card11.css",
            "source_hash": null,
            "storage_class": "STANDARD",
            "tags": null,
            "tags_all": {},
            "version_id": "",
            "website_redirect": ""
          },
          "sensitive_attributes": [],
          "private": "bnVsbA==",
          "dependencies": [
            "module.s3-website.aws_s3_bucket.static_site"
          ]
        },
        {
          "index_key": "blog-post-card11.html",
          "schema_version": 0,
          "attributes": {
            "acl": "public-read",
            "bucket": "tourfluent-1",
            "bucket_key_enabled": false,
            "cache_control": "",
            "content": null,
            "content_base64": null,
            "content_disposition": "",
            "content_encoding": "",
            "content_language": "",
            "content_type": "binary/octet-stream",
            "etag": "6b77aa68fa6c957479e6f45870f67982",
            "force_destroy": false,
            "id": "blog-post-card11.html",
            "key": "blog-post-card11.html",
            "kms_key_id": null,
            "metadata": null,
            "object_lock_legal_hold_status": "",
            "object_lock_mode": "",
            "object_lock_retain_until_date": "",
            "server_side_encryption": "",
            "source": "/Users/shashank/Desktop/smitha project/live/website/html/components/blog-post-card11.html",
            "source_hash": null,
            "storage_class": "STANDARD",
            "tags": null,
            "tags_all": {},
            "version_id": "",
            "website_redirect": ""
          },
          "sensitive_attributes": [],
          "private": "bnVsbA==",
          "dependencies": [
            "module.s3-website.aws_s3_bucket.static_site"
          ]
        },
        {
          "index_key": "blog-post-card12.css",
          "schema_version": 0,
          "attributes": {
            "acl": "public-read",
            "bucket": "tourfluent-1",
            "bucket_key_enabled": false,
            "cache_control": "",
            "content": null,
            "content_base64": null,
            "content_disposition": "",
            "content_encoding": "",
            "content_language": "",
            "content_type": "binary/octet-stream",
            "etag": "e25afd6833db2cec18a78b47941a3688",
            "force_destroy": false,
            "id": "blog-post-card12.css",
            "key": "blog-post-card12.css",
            "kms_key_id": null,
            "metadata": null,
            "object_lock_legal_hold_status": "",
            "object_lock_mode": "",
            "object_lock_retain_until_date": "",
            "server_side_encryption": "",
            "source": "/Users/shashank/Desktop/smitha project/live/website/html/components/blog-post-card12.css",
            "source_hash": null,
            "storage_class": "STANDARD",
            "tags": null,
            "tags_all": {},
            "version_id": "",
            "website_redirect": ""
          },
          "sensitive_attributes": [],
          "private": "bnVsbA==",
          "dependencies": [
            "module.s3-website.aws_s3_bucket.static_site"
          ]
        },
        {
          "index_key": "blog-post-card12.html",
          "schema_version": 0,
          "attributes": {
            "acl": "public-read",
            "bucket": "tourfluent-1",
            "bucket_key_enabled": false,
            "cache_control": "",
            "content": null,
            "content_base64": null,
            "content_disposition": "",
            "content_encoding": "",
            "content_language": "",
            "content_type": "binary/octet-stream",
            "etag": "993307c2b89b535e620fd9113296d159",
            "force_destroy": false,
            "id": "blog-post-card12.html",
            "key": "blog-post-card12.html",
            "kms_key_id": null,
            "metadata": null,
            "object_lock_legal_hold_status": "",
            "object_lock_mode": "",
            "object_lock_retain_until_date": "",
            "server_side_encryption": "",
            "source": "/Users/shashank/Desktop/smitha project/live/website/html/components/blog-post-card12.html",
            "source_hash": null,
            "storage_class": "STANDARD",
            "tags": null,
            "tags_all": {},
            "version_id": "",
            "website_redirect": ""
          },
          "sensitive_attributes": [],
          "private": "bnVsbA==",
          "dependencies": [
            "module.s3-website.aws_s3_bucket.static_site"
          ]
        },
        {
          "index_key": "blog-post-card13.css",
          "schema_version": 0,
          "attributes": {
            "acl": "public-read",
            "bucket": "tourfluent-1",
            "bucket_key_enabled": false,
            "cache_control": "",
            "content": null,
            "content_base64": null,
            "content_disposition": "",
            "content_encoding": "",
            "content_language": "",
            "content_type": "binary/octet-stream",
            "etag": "c4c066e936418f77eadb9da3dcb075a6",
            "force_destroy": false,
            "id": "blog-post-card13.css",
            "key": "blog-post-card13.css",
            "kms_key_id": null,
            "metadata": null,
            "object_lock_legal_hold_status": "",
            "object_lock_mode": "",
            "object_lock_retain_until_date": "",
            "server_side_encryption": "",
            "source": "/Users/shashank/Desktop/smitha project/live/website/html/components/blog-post-card13.css",
            "source_hash": null,
            "storage_class": "STANDARD",
            "tags": null,
            "tags_all": {},
            "version_id": "",
            "website_redirect": ""
          },
          "sensitive_attributes": [],
          "private": "bnVsbA==",
          "dependencies": [
            "module.s3-website.aws_s3_bucket.static_site"
          ]
        },
        {
          "index_key": "blog-post-card13.html",
          "schema_version": 0,
          "attributes": {
            "acl": "public-read",
            "bucket": "tourfluent-1",
            "bucket_key_enabled": false,
            "cache_control": "",
            "content": null,
            "content_base64": null,
            "content_disposition": "",
            "content_encoding": "",
            "content_language": "",
            "content_type": "binary/octet-stream",
            "etag": "090249c33859acd6d73a709b4c039c77",
            "force_destroy": false,
            "id": "blog-post-card13.html",
            "key": "blog-post-card13.html",
            "kms_key_id": null,
            "metadata": null,
            "object_lock_legal_hold_status": "",
            "object_lock_mode": "",
            "object_lock_retain_until_date": "",
            "server_side_encryption": "",
            "source": "/Users/shashank/Desktop/smitha project/live/website/html/components/blog-post-card13.html",
            "source_hash": null,
            "storage_class": "STANDARD",
            "tags": null,
            "tags_all": {},
            "version_id": "",
            "website_redirect": ""
          },
          "sensitive_attributes": [],
          "private": "bnVsbA==",
          "dependencies": [
            "module.s3-website.aws_s3_bucket.static_site"
          ]
        },
        {
          "index_key": "component.css",
          "schema_version": 0,
          "attributes": {
            "acl": "public-read",
            "bucket": "tourfluent-1",
            "bucket_key_enabled": false,
            "cache_control": "",
            "content": null,
            "content_base64": null,
            "content_disposition": "",
            "content_encoding": "",
            "content_language": "",
            "content_type": "binary/octet-stream",
            "etag": "5274cccf250b09a86d24bef98d80125a",
            "force_destroy": false,
            "id": "component.css",
            "key": "component.css",
            "kms_key_id": null,
            "metadata": null,
            "object_lock_legal_hold_status": "",
            "object_lock_mode": "",
            "object_lock_retain_until_date": "",
            "server_side_encryption": "",
            "source": "/Users/shashank/Desktop/smitha project/live/website/html/components/component.css",
            "source_hash": null,
            "storage_class": "STANDARD",
            "tags": null,
            "tags_all": {},
            "version_id": "",
            "website_redirect": ""
          },
          "sensitive_attributes": [],
          "private": "bnVsbA==",
          "dependencies": [
            "module.s3-website.aws_s3_bucket.static_site"
          ]
        },
        {
          "index_key": "component.html",
          "schema_version": 0,
          "attributes": {
            "acl": "public-read",
            "bucket": "tourfluent-1",
            "bucket_key_enabled": false,
            "cache_control": "",
            "content": null,
            "content_base64": null,
            "content_disposition": "",
            "content_encoding": "",
            "content_language": "",
            "content_type": "binary/octet-stream",
            "etag": "9664049813564f3c7e7705c278dfda3f",
            "force_destroy": false,
            "id": "component.html",
            "key": "component.html",
            "kms_key_id": null,
            "metadata": null,
            "object_lock_legal_hold_status": "",
            "object_lock_mode": "",
            "object_lock_retain_until_date": "",
            "server_side_encryption": "",
            "source": "/Users/shashank/Desktop/smitha project/live/website/html/components/component.html",
            "source_hash": null,
            "storage_class": "STANDARD",
            "tags": null,
            "tags_all": {},
            "version_id": "",
            "website_redirect": ""
          },
          "sensitive_attributes": [],
          "private": "bnVsbA==",
          "dependencies": [
            "module.s3-website.aws_s3_bucket.static_site"
          ]
        },
        {
          "index_key": "component1.css",
          "schema_version": 0,
          "attributes": {
            "acl": "public-read",
            "bucket": "tourfluent-1",
            "bucket_key_enabled": false,
            "cache_control": "",
            "content": null,
            "content_base64": null,
            "content_disposition": "",
            "content_encoding": "",
            "content_language": "",
            "content_type": "binary/octet-stream",
            "etag": "75b9c35b3ac279cab66828e5c1fbdc56",
            "force_destroy": false,
            "id": "component1.css",
            "key": "component1.css",
            "kms_key_id": null,
            "metadata": null,
            "object_lock_legal_hold_status": "",
            "object_lock_mode": "",
            "object_lock_retain_until_date": "",
            "server_side_encryption": "",
            "source": "/Users/shashank/Desktop/smitha project/live/website/html/components/component1.css",
            "source_hash": null,
            "storage_class": "STANDARD",
            "tags": null,
            "tags_all": {},
            "version_id": "",
            "website_redirect": ""
          },
          "sensitive_attributes": [],
          "private": "bnVsbA==",
          "dependencies": [
            "module.s3-website.aws_s3_bucket.static_site"
          ]
        },
        {
          "index_key": "component1.html",
          "schema_version": 0,
          "attributes": {
            "acl": "public-read",
            "bucket": "tourfluent-1",
            "bucket_key_enabled": false,
            "cache_control": "",
            "content": null,
            "content_base64": null,
            "content_disposition": "",
            "content_encoding": "",
            "content_language": "",
            "content_type": "binary/octet-stream",
            "etag": "e2d5e9c4bccbd56efa0f60a9b7cd91c5",
            "force_destroy": false,
            "id": "component1.html",
            "key": "component1.html",
            "kms_key_id": null,
            "metadata": null,
            "object_lock_legal_hold_status": "",
            "object_lock_mode": "",
            "object_lock_retain_until_date": "",
            "server_side_encryption": "",
            "source": "/Users/shashank/Desktop/smitha project/live/website/html/components/component1.html",
            "source_hash": null,
            "storage_class": "STANDARD",
            "tags": null,
            "tags_all": {},
            "version_id": "",
            "website_redirect": ""
          },
          "sensitive_attributes": [],
          "private": "bnVsbA==",
          "dependencies": [
            "module.s3-website.aws_s3_bucket.static_site"
          ]
        },
        {
          "index_key": "component2.css",
          "schema_version": 0,
          "attributes": {
            "acl": "public-read",
            "bucket": "tourfluent-1",
            "bucket_key_enabled": false,
            "cache_control": "",
            "content": null,
            "content_base64": null,
            "content_disposition": "",
            "content_encoding": "",
            "content_language": "",
            "content_type": "binary/octet-stream",
            "etag": "610dd0819f080d760c84d4d604d6897a",
            "force_destroy": false,
            "id": "component2.css",
            "key": "component2.css",
            "kms_key_id": null,
            "metadata": null,
            "object_lock_legal_hold_status": "",
            "object_lock_mode": "",
            "object_lock_retain_until_date": "",
            "server_side_encryption": "",
            "source": "/Users/shashank/Desktop/smitha project/live/website/html/components/component2.css",
            "source_hash": null,
            "storage_class": "STANDARD",
            "tags": null,
            "tags_all": {},
            "version_id": "",
            "website_redirect": ""
          },
          "sensitive_attributes": [],
          "private": "bnVsbA==",
          "dependencies": [
            "module.s3-website.aws_s3_bucket.static_site"
          ]
        },
        {
          "index_key": "component2.html",
          "schema_version": 0,
          "attributes": {
            "acl": "public-read",
            "bucket": "tourfluent-1",
            "bucket_key_enabled": false,
            "cache_control": "",
            "content": null,
            "content_base64": null,
            "content_disposition": "",
            "content_encoding": "",
            "content_language": "",
            "content_type": "binary/octet-stream",
            "etag": "40b3cd4cdd8344a42475c09b4c978dd8",
            "force_destroy": false,
            "id": "component2.html",
            "key": "component2.html",
            "kms_key_id": null,
            "metadata": null,
            "object_lock_legal_hold_status": "",
            "object_lock_mode": "",
            "object_lock_retain_until_date": "",
            "server_side_encryption": "",
            "source": "/Users/shashank/Desktop/smitha project/live/website/html/components/component2.html",
            "source_hash": null,
            "storage_class": "STANDARD",
            "tags": null,
            "tags_all": {},
            "version_id": "",
            "website_redirect": ""
          },
          "sensitive_attributes": [],
          "private": "bnVsbA==",
          "dependencies": [
            "module.s3-website.aws_s3_bucket.static_site"
          ]
        },
        {
          "index_key": "component3.css",
          "schema_version": 0,
          "attributes": {
            "acl": "public-read",
            "bucket": "tourfluent-1",
            "bucket_key_enabled": false,
            "cache_control": "",
            "content": null,
            "content_base64": null,
            "content_disposition": "",
            "content_encoding": "",
            "content_language": "",
            "content_type": "binary/octet-stream",
            "etag": "e37b2499819cfe778491a9d7936b2b91",
            "force_destroy": false,
            "id": "component3.css",
            "key": "component3.css",
            "kms_key_id": null,
            "metadata": null,
            "object_lock_legal_hold_status": "",
            "object_lock_mode": "",
            "object_lock_retain_until_date": "",
            "server_side_encryption": "",
            "source": "/Users/shashank/Desktop/smitha project/live/website/html/components/component3.css",
            "source_hash": null,
            "storage_class": "STANDARD",
            "tags": null,
            "tags_all": {},
            "version_id": "",
            "website_redirect": ""
          },
          "sensitive_attributes": [],
          "private": "bnVsbA==",
          "dependencies": [
            "module.s3-website.aws_s3_bucket.static_site"
          ]
        },
        {
          "index_key": "component3.html",
          "schema_version": 0,
          "attributes": {
            "acl": "public-read",
            "bucket": "tourfluent-1",
            "bucket_key_enabled": false,
            "cache_control": "",
            "content": null,
            "content_base64": null,
            "content_disposition": "",
            "content_encoding": "",
            "content_language": "",
            "content_type": "binary/octet-stream",
            "etag": "a858dd3532a1e548a46216c9b3e4c7e6",
            "force_destroy": false,
            "id": "component3.html",
            "key": "component3.html",
            "kms_key_id": null,
            "metadata": null,
            "object_lock_legal_hold_status": "",
            "object_lock_mode": "",
            "object_lock_retain_until_date": "",
            "server_side_encryption": "",
            "source": "/Users/shashank/Desktop/smitha project/live/website/html/components/component3.html",
            "source_hash": null,
            "storage_class": "STANDARD",
            "tags": null,
            "tags_all": {},
            "version_id": "",
            "website_redirect": ""
          },
          "sensitive_attributes": [],
          "private": "bnVsbA==",
          "dependencies": [
            "module.s3-website.aws_s3_bucket.static_site"
          ]
        },
        {
          "index_key": "component4.css",
          "schema_version": 0,
          "attributes": {
            "acl": "public-read",
            "bucket": "tourfluent-1",
            "bucket_key_enabled": false,
            "cache_control": "",
            "content": null,
            "content_base64": null,
            "content_disposition": "",
            "content_encoding": "",
            "content_language": "",
            "content_type": "binary/octet-stream",
            "etag": "e3f08d3f2887988c698a082afced0a17",
            "force_destroy": false,
            "id": "component4.css",
            "key": "component4.css",
            "kms_key_id": null,
            "metadata": null,
            "object_lock_legal_hold_status": "",
            "object_lock_mode": "",
            "object_lock_retain_until_date": "",
            "server_side_encryption": "",
            "source": "/Users/shashank/Desktop/smitha project/live/website/html/components/component4.css",
            "source_hash": null,
            "storage_class": "STANDARD",
            "tags": null,
            "tags_all": {},
            "version_id": "",
            "website_redirect": ""
          },
          "sensitive_attributes": [],
          "private": "bnVsbA==",
          "dependencies": [
            "module.s3-website.aws_s3_bucket.static_site"
          ]
        },
        {
          "index_key": "component4.html",
          "schema_version": 0,
          "attributes": {
            "acl": "public-read",
            "bucket": "tourfluent-1",
            "bucket_key_enabled": false,
            "cache_control": "",
            "content": null,
            "content_base64": null,
            "content_disposition": "",
            "content_encoding": "",
            "content_language": "",
            "content_type": "binary/octet-stream",
            "etag": "a74818d49c9ad7df4461b1695ac61b67",
            "force_destroy": false,
            "id": "component4.html",
            "key": "component4.html",
            "kms_key_id": null,
            "metadata": null,
            "object_lock_legal_hold_status": "",
            "object_lock_mode": "",
            "object_lock_retain_until_date": "",
            "server_side_encryption": "",
            "source": "/Users/shashank/Desktop/smitha project/live/website/html/components/component4.html",
            "source_hash": null,
            "storage_class": "STANDARD",
            "tags": null,
            "tags_all": {},
            "version_id": "",
            "website_redirect": ""
          },
          "sensitive_attributes": [],
          "private": "bnVsbA==",
          "dependencies": [
            "module.s3-website.aws_s3_bucket.static_site"
          ]
        },
        {
          "index_key": "component5.css",
          "schema_version": 0,
          "attributes": {
            "acl": "public-read",
            "bucket": "tourfluent-1",
            "bucket_key_enabled": false,
            "cache_control": "",
            "content": null,
            "content_base64": null,
            "content_disposition": "",
            "content_encoding": "",
            "content_language": "",
            "content_type": "binary/octet-stream",
            "etag": "89531b93e43a3f7f13ddcd4df75a43ba",
            "force_destroy": false,
            "id": "component5.css",
            "key": "component5.css",
            "kms_key_id": null,
            "metadata": null,
            "object_lock_legal_hold_status": "",
            "object_lock_mode": "",
            "object_lock_retain_until_date": "",
            "server_side_encryption": "",
            "source": "/Users/shashank/Desktop/smitha project/live/website/html/components/component5.css",
            "source_hash": null,
            "storage_class": "STANDARD",
            "tags": null,
            "tags_all": {},
            "version_id": "",
            "website_redirect": ""
          },
          "sensitive_attributes": [],
          "private": "bnVsbA==",
          "dependencies": [
            "module.s3-website.aws_s3_bucket.static_site"
          ]
        },
        {
          "index_key": "component5.html",
          "schema_version": 0,
          "attributes": {
            "acl": "public-read",
            "bucket": "tourfluent-1",
            "bucket_key_enabled": false,
            "cache_control": "",
            "content": null,
            "content_base64": null,
            "content_disposition": "",
            "content_encoding": "",
            "content_language": "",
            "content_type": "binary/octet-stream",
            "etag": "63118d3613d972b59f40aaddaf03b152",
            "force_destroy": false,
            "id": "component5.html",
            "key": "component5.html",
            "kms_key_id": null,
            "metadata": null,
            "object_lock_legal_hold_status": "",
            "object_lock_mode": "",
            "object_lock_retain_until_date": "",
            "server_side_encryption": "",
            "source": "/Users/shashank/Desktop/smitha project/live/website/html/components/component5.html",
            "source_hash": null,
            "storage_class": "STANDARD",
            "tags": null,
            "tags_all": {},
            "version_id": "",
            "website_redirect": ""
          },
          "sensitive_attributes": [],
          "private": "bnVsbA==",
          "dependencies": [
            "module.s3-website.aws_s3_bucket.static_site"
          ]
        },
        {
          "index_key": "feature-card1.css",
          "schema_version": 0,
          "attributes": {
            "acl": "public-read",
            "bucket": "tourfluent-1",
            "bucket_key_enabled": false,
            "cache_control": "",
            "content": null,
            "content_base64": null,
            "content_disposition": "",
            "content_encoding": "",
            "content_language": "",
            "content_type": "binary/octet-stream",
            "etag": "96f6e49de6214ceedd307320acca7de1",
            "force_destroy": false,
            "id": "feature-card1.css",
            "key": "feature-card1.css",
            "kms_key_id": null,
            "metadata": null,
            "object_lock_legal_hold_status": "",
            "object_lock_mode": "",
            "object_lock_retain_until_date": "",
            "server_side_encryption": "",
            "source": "/Users/shashank/Desktop/smitha project/live/website/html/components/feature-card1.css",
            "source_hash": null,
            "storage_class": "STANDARD",
            "tags": null,
            "tags_all": {},
            "version_id": "",
            "website_redirect": ""
          },
          "sensitive_attributes": [],
          "private": "bnVsbA==",
          "dependencies": [
            "module.s3-website.aws_s3_bucket.static_site"
          ]
        },
        {
          "index_key": "feature-card1.html",
          "schema_version": 0,
          "attributes": {
            "acl": "public-read",
            "bucket": "tourfluent-1",
            "bucket_key_enabled": false,
            "cache_control": "",
            "content": null,
            "content_base64": null,
            "content_disposition": "",
            "content_encoding": "",
            "content_language": "",
            "content_type": "binary/octet-stream",
            "etag": "0764b71aabbbbabf2bc66e18d93f5070",
            "force_destroy": false,
            "id": "feature-card1.html",
            "key": "feature-card1.html",
            "kms_key_id": null,
            "metadata": null,
            "object_lock_legal_hold_status": "",
            "object_lock_mode": "",
            "object_lock_retain_until_date": "",
            "server_side_encryption": "",
            "source": "/Users/shashank/Desktop/smitha project/live/website/html/components/feature-card1.html",
            "source_hash": null,
            "storage_class": "STANDARD",
            "tags": null,
            "tags_all": {},
            "version_id": "",
            "website_redirect": ""
          },
          "sensitive_attributes": [],
          "private": "bnVsbA==",
          "dependencies": [
            "module.s3-website.aws_s3_bucket.static_site"
          ]
        },
        {
          "index_key": "feature-card11.css",
          "schema_version": 0,
          "attributes": {
            "acl": "public-read",
            "bucket": "tourfluent-1",
            "bucket_key_enabled": false,
            "cache_control": "",
            "content": null,
            "content_base64": null,
            "content_disposition": "",
            "content_encoding": "",
            "content_language": "",
            "content_type": "binary/octet-stream",
            "etag": "7e651028ace5e8f95981bc6fd6e904ce",
            "force_destroy": false,
            "id": "feature-card11.css",
            "key": "feature-card11.css",
            "kms_key_id": null,
            "metadata": null,
            "object_lock_legal_hold_status": "",
            "object_lock_mode": "",
            "object_lock_retain_until_date": "",
            "server_side_encryption": "",
            "source": "/Users/shashank/Desktop/smitha project/live/website/html/components/feature-card11.css",
            "source_hash": null,
            "storage_class": "STANDARD",
            "tags": null,
            "tags_all": {},
            "version_id": "",
            "website_redirect": ""
          },
          "sensitive_attributes": [],
          "private": "bnVsbA==",
          "dependencies": [
            "module.s3-website.aws_s3_bucket.static_site"
          ]
        },
        {
          "index_key": "feature-card11.html",
          "schema_version": 0,
          "attributes": {
            "acl": "public-read",
            "bucket": "tourfluent-1",
            "bucket_key_enabled": false,
            "cache_control": "",
            "content": null,
            "content_base64": null,
            "content_disposition": "",
            "content_encoding": "",
            "content_language": "",
            "content_type": "binary/octet-stream",
            "etag": "457e7ed3bf85386d354daf46e89f8b82",
            "force_destroy": false,
            "id": "feature-card11.html",
            "key": "feature-card11.html",
            "kms_key_id": null,
            "metadata": null,
            "object_lock_legal_hold_status": "",
            "object_lock_mode": "",
            "object_lock_retain_until_date": "",
            "server_side_encryption": "",
            "source": "/Users/shashank/Desktop/smitha project/live/website/html/components/feature-card11.html",
            "source_hash": null,
            "storage_class": "STANDARD",
            "tags": null,
            "tags_all": {},
            "version_id": "",
            "website_redirect": ""
          },
          "sensitive_attributes": [],
          "private": "bnVsbA==",
          "dependencies": [
            "module.s3-website.aws_s3_bucket.static_site"
          ]
        },
        {
          "index_key": "feature-card2.css",
          "schema_version": 0,
          "attributes": {
            "acl": "public-read",
            "bucket": "tourfluent-1",
            "bucket_key_enabled": false,
            "cache_control": "",
            "content": null,
            "content_base64": null,
            "content_disposition": "",
            "content_encoding": "",
            "content_language": "",
            "content_type": "binary/octet-stream",
            "etag": "795cfefde91689d1d468481cccc60d3c",
            "force_destroy": false,
            "id": "feature-card2.css",
            "key": "feature-card2.css",
            "kms_key_id": null,
            "metadata": null,
            "object_lock_legal_hold_status": "",
            "object_lock_mode": "",
            "object_lock_retain_until_date": "",
            "server_side_encryption": "",
            "source": "/Users/shashank/Desktop/smitha project/live/website/html/components/feature-card2.css",
            "source_hash": null,
            "storage_class": "STANDARD",
            "tags": null,
            "tags_all": {},
            "version_id": "",
            "website_redirect": ""
          },
          "sensitive_attributes": [],
          "private": "bnVsbA==",
          "dependencies": [
            "module.s3-website.aws_s3_bucket.static_site"
          ]
        },
        {
          "index_key": "feature-card2.html",
          "schema_version": 0,
          "attributes": {
            "acl": "public-read",
            "bucket": "tourfluent-1",
            "bucket_key_enabled": false,
            "cache_control": "",
            "content": null,
            "content_base64": null,
            "content_disposition": "",
            "content_encoding": "",
            "content_language": "",
            "content_type": "binary/octet-stream",
            "etag": "1b34b0cc10e84521b7a6917ee7e3ada5",
            "force_destroy": false,
            "id": "feature-card2.html",
            "key": "feature-card2.html",
            "kms_key_id": null,
            "metadata": null,
            "object_lock_legal_hold_status": "",
            "object_lock_mode": "",
            "object_lock_retain_until_date": "",
            "server_side_encryption": "",
            "source": "/Users/shashank/Desktop/smitha project/live/website/html/components/feature-card2.html",
            "source_hash": null,
            "storage_class": "STANDARD",
            "tags": null,
            "tags_all": {},
            "version_id": "",
            "website_redirect": ""
          },
          "sensitive_attributes": [],
          "private": "bnVsbA==",
          "dependencies": [
            "module.s3-website.aws_s3_bucket.static_site"
          ]
        },
        {
          "index_key": "feature-card21.css",
          "schema_version": 0,
          "attributes": {
            "acl": "public-read",
            "bucket": "tourfluent-1",
            "bucket_key_enabled": false,
            "cache_control": "",
            "content": null,
            "content_base64": null,
            "content_disposition": "",
            "content_encoding": "",
            "content_language": "",
            "content_type": "binary/octet-stream",
            "etag": "a499a0dd83b1e538988b4da1be57a51c",
            "force_destroy": false,
            "id": "feature-card21.css",
            "key": "feature-card21.css",
            "kms_key_id": null,
            "metadata": null,
            "object_lock_legal_hold_status": "",
            "object_lock_mode": "",
            "object_lock_retain_until_date": "",
            "server_side_encryption": "",
            "source": "/Users/shashank/Desktop/smitha project/live/website/html/components/feature-card21.css",
            "source_hash": null,
            "storage_class": "STANDARD",
            "tags": null,
            "tags_all": {},
            "version_id": "",
            "website_redirect": ""
          },
          "sensitive_attributes": [],
          "private": "bnVsbA==",
          "dependencies": [
            "module.s3-website.aws_s3_bucket.static_site"
          ]
        },
        {
          "index_key": "feature-card21.html",
          "schema_version": 0,
          "attributes": {
            "acl": "public-read",
            "bucket": "tourfluent-1",
            "bucket_key_enabled": false,
            "cache_control": "",
            "content": null,
            "content_base64": null,
            "content_disposition": "",
            "content_encoding": "",
            "content_language": "",
            "content_type": "binary/octet-stream",
            "etag": "78b400745667314951f645b2e5dab551",
            "force_destroy": false,
            "id": "feature-card21.html",
            "key": "feature-card21.html",
            "kms_key_id": null,
            "metadata": null,
            "object_lock_legal_hold_status": "",
            "object_lock_mode": "",
            "object_lock_retain_until_date": "",
            "server_side_encryption": "",
            "source": "/Users/shashank/Desktop/smitha project/live/website/html/components/feature-card21.html",
            "source_hash": null,
            "storage_class": "STANDARD",
            "tags": null,
            "tags_all": {},
            "version_id": "",
            "website_redirect": ""
          },
          "sensitive_attributes": [],
          "private": "bnVsbA==",
          "dependencies": [
            "module.s3-website.aws_s3_bucket.static_site"
          ]
        },
        {
          "index_key": "feature-card210.css",
          "schema_version": 0,
          "attributes": {
            "acl": "public-read",
            "bucket": "tourfluent-1",
            "bucket_key_enabled": false,
            "cache_control": "",
            "content": null,
            "content_base64": null,
            "content_disposition": "",
            "content_encoding": "",
            "content_language": "",
            "content_type": "binary/octet-stream",
            "etag": "bb3621b11d0ea4deead101e1abe1cdda",
            "force_destroy": false,
            "id": "feature-card210.css",
            "key": "feature-card210.css",
            "kms_key_id": null,
            "metadata": null,
            "object_lock_legal_hold_status": "",
            "object_lock_mode": "",
            "object_lock_retain_until_date": "",
            "server_side_encryption": "",
            "source": "/Users/shashank/Desktop/smitha project/live/website/html/components/feature-card210.css",
            "source_hash": null,
            "storage_class": "STANDARD",
            "tags": null,
            "tags_all": {},
            "version_id": "",
            "website_redirect": ""
          },
          "sensitive_attributes": [],
          "private": "bnVsbA==",
          "dependencies": [
            "module.s3-website.aws_s3_bucket.static_site"
          ]
        },
        {
          "index_key": "feature-card210.html",
          "schema_version": 0,
          "attributes": {
            "acl": "public-read",
            "bucket": "tourfluent-1",
            "bucket_key_enabled": false,
            "cache_control": "",
            "content": null,
            "content_base64": null,
            "content_disposition": "",
            "content_encoding": "",
            "content_language": "",
            "content_type": "binary/octet-stream",
            "etag": "10d5b6a1dc183985e2369f76f22b2ac4",
            "force_destroy": false,
            "id": "feature-card210.html",
            "key": "feature-card210.html",
            "kms_key_id": null,
            "metadata": null,
            "object_lock_legal_hold_status": "",
            "object_lock_mode": "",
            "object_lock_retain_until_date": "",
            "server_side_encryption": "",
            "source": "/Users/shashank/Desktop/smitha project/live/website/html/components/feature-card210.html",
            "source_hash": null,
            "storage_class": "STANDARD",
            "tags": null,
            "tags_all": {},
            "version_id": "",
            "website_redirect": ""
          },
          "sensitive_attributes": [],
          "private": "bnVsbA==",
          "dependencies": [
            "module.s3-website.aws_s3_bucket.static_site"
          ]
        },
        {
          "index_key": "feature-card211.css",
          "schema_version": 0,
          "attributes": {
            "acl": "public-read",
            "bucket": "tourfluent-1",
            "bucket_key_enabled": false,
            "cache_control": "",
            "content": null,
            "content_base64": null,
            "content_disposition": "",
            "content_encoding": "",
            "content_language": "",
            "content_type": "binary/octet-stream",
            "etag": "da8e10b412abdfe4846e0f5226954964",
            "force_destroy": false,
            "id": "feature-card211.css",
            "key": "feature-card211.css",
            "kms_key_id": null,
            "metadata": null,
            "object_lock_legal_hold_status": "",
            "object_lock_mode": "",
            "object_lock_retain_until_date": "",
            "server_side_encryption": "",
            "source": "/Users/shashank/Desktop/smitha project/live/website/html/components/feature-card211.css",
            "source_hash": null,
            "storage_class": "STANDARD",
            "tags": null,
            "tags_all": {},
            "version_id": "",
            "website_redirect": ""
          },
          "sensitive_attributes": [],
          "private": "bnVsbA==",
          "dependencies": [
            "module.s3-website.aws_s3_bucket.static_site"
          ]
        },
        {
          "index_key": "feature-card211.html",
          "schema_version": 0,
          "attributes": {
            "acl": "public-read",
            "bucket": "tourfluent-1",
            "bucket_key_enabled": false,
            "cache_control": "",
            "content": null,
            "content_base64": null,
            "content_disposition": "",
            "content_encoding": "",
            "content_language": "",
            "content_type": "binary/octet-stream",
            "etag": "998504b1a66eacd859206c522224df3d",
            "force_destroy": false,
            "id": "feature-card211.html",
            "key": "feature-card211.html",
            "kms_key_id": null,
            "metadata": null,
            "object_lock_legal_hold_status": "",
            "object_lock_mode": "",
            "object_lock_retain_until_date": "",
            "server_side_encryption": "",
            "source": "/Users/shashank/Desktop/smitha project/live/website/html/components/feature-card211.html",
            "source_hash": null,
            "storage_class": "STANDARD",
            "tags": null,
            "tags_all": {},
            "version_id": "",
            "website_redirect": ""
          },
          "sensitive_attributes": [],
          "private": "bnVsbA==",
          "dependencies": [
            "module.s3-website.aws_s3_bucket.static_site"
          ]
        },
        {
          "index_key": "feature-card212.css",
          "schema_version": 0,
          "attributes": {
            "acl": "public-read",
            "bucket": "tourfluent-1",
            "bucket_key_enabled": false,
            "cache_control": "",
            "content": null,
            "content_base64": null,
            "content_disposition": "",
            "content_encoding": "",
            "content_language": "",
            "content_type": "binary/octet-stream",
            "etag": "b8e5d6d0b4b6382cb229060eff2b58f1",
            "force_destroy": false,
            "id": "feature-card212.css",
            "key": "feature-card212.css",
            "kms_key_id": null,
            "metadata": null,
            "object_lock_legal_hold_status": "",
            "object_lock_mode": "",
            "object_lock_retain_until_date": "",
            "server_side_encryption": "",
            "source": "/Users/shashank/Desktop/smitha project/live/website/html/components/feature-card212.css",
            "source_hash": null,
            "storage_class": "STANDARD",
            "tags": null,
            "tags_all": {},
            "version_id": "",
            "website_redirect": ""
          },
          "sensitive_attributes": [],
          "private": "bnVsbA==",
          "dependencies": [
            "module.s3-website.aws_s3_bucket.static_site"
          ]
        },
        {
          "index_key": "feature-card212.html",
          "schema_version": 0,
          "attributes": {
            "acl": "public-read",
            "bucket": "tourfluent-1",
            "bucket_key_enabled": false,
            "cache_control": "",
            "content": null,
            "content_base64": null,
            "content_disposition": "",
            "content_encoding": "",
            "content_language": "",
            "content_type": "binary/octet-stream",
            "etag": "e03633923114166fe53cc40bab057361",
            "force_destroy": false,
            "id": "feature-card212.html",
            "key": "feature-card212.html",
            "kms_key_id": null,
            "metadata": null,
            "object_lock_legal_hold_status": "",
            "object_lock_mode": "",
            "object_lock_retain_until_date": "",
            "server_side_encryption": "",
            "source": "/Users/shashank/Desktop/smitha project/live/website/html/components/feature-card212.html",
            "source_hash": null,
            "storage_class": "STANDARD",
            "tags": null,
            "tags_all": {},
            "version_id": "",
            "website_redirect": ""
          },
          "sensitive_attributes": [],
          "private": "bnVsbA==",
          "dependencies": [
            "module.s3-website.aws_s3_bucket.static_site"
          ]
        },
        {
          "index_key": "feature-card213.css",
          "schema_version": 0,
          "attributes": {
            "acl": "public-read",
            "bucket": "tourfluent-1",
            "bucket_key_enabled": false,
            "cache_control": "",
            "content": null,
            "content_base64": null,
            "content_disposition": "",
            "content_encoding": "",
            "content_language": "",
            "content_type": "binary/octet-stream",
            "etag": "4fb4d2dd80469f4fcd3fb7c9a8c23403",
            "force_destroy": false,
            "id": "feature-card213.css",
            "key": "feature-card213.css",
            "kms_key_id": null,
            "metadata": null,
            "object_lock_legal_hold_status": "",
            "object_lock_mode": "",
            "object_lock_retain_until_date": "",
            "server_side_encryption": "",
            "source": "/Users/shashank/Desktop/smitha project/live/website/html/components/feature-card213.css",
            "source_hash": null,
            "storage_class": "STANDARD",
            "tags": null,
            "tags_all": {},
            "version_id": "",
            "website_redirect": ""
          },
          "sensitive_attributes": [],
          "private": "bnVsbA==",
          "dependencies": [
            "module.s3-website.aws_s3_bucket.static_site"
          ]
        },
        {
          "index_key": "feature-card213.html",
          "schema_version": 0,
          "attributes": {
            "acl": "public-read",
            "bucket": "tourfluent-1",
            "bucket_key_enabled": false,
            "cache_control": "",
            "content": null,
            "content_base64": null,
            "content_disposition": "",
            "content_encoding": "",
            "content_language": "",
            "content_type": "binary/octet-stream",
            "etag": "45c65cf8af807ccf7944532cc05d2e5f",
            "force_destroy": false,
            "id": "feature-card213.html",
            "key": "feature-card213.html",
            "kms_key_id": null,
            "metadata": null,
            "object_lock_legal_hold_status": "",
            "object_lock_mode": "",
            "object_lock_retain_until_date": "",
            "server_side_encryption": "",
            "source": "/Users/shashank/Desktop/smitha project/live/website/html/components/feature-card213.html",
            "source_hash": null,
            "storage_class": "STANDARD",
            "tags": null,
            "tags_all": {},
            "version_id": "",
            "website_redirect": ""
          },
          "sensitive_attributes": [],
          "private": "bnVsbA==",
          "dependencies": [
            "module.s3-website.aws_s3_bucket.static_site"
          ]
        },
        {
          "index_key": "feature-card214.css",
          "schema_version": 0,
          "attributes": {
            "acl": "public-read",
            "bucket": "tourfluent-1",
            "bucket_key_enabled": false,
            "cache_control": "",
            "content": null,
            "content_base64": null,
            "content_disposition": "",
            "content_encoding": "",
            "content_language": "",
            "content_type": "binary/octet-stream",
            "etag": "2b6cdae3db720a8f107057251aa3fcf9",
            "force_destroy": false,
            "id": "feature-card214.css",
            "key": "feature-card214.css",
            "kms_key_id": null,
            "metadata": null,
            "object_lock_legal_hold_status": "",
            "object_lock_mode": "",
            "object_lock_retain_until_date": "",
            "server_side_encryption": "",
            "source": "/Users/shashank/Desktop/smitha project/live/website/html/components/feature-card214.css",
            "source_hash": null,
            "storage_class": "STANDARD",
            "tags": null,
            "tags_all": {},
            "version_id": "",
            "website_redirect": ""
          },
          "sensitive_attributes": [],
          "private": "bnVsbA==",
          "dependencies": [
            "module.s3-website.aws_s3_bucket.static_site"
          ]
        },
        {
          "index_key": "feature-card214.html",
          "schema_version": 0,
          "attributes": {
            "acl": "public-read",
            "bucket": "tourfluent-1",
            "bucket_key_enabled": false,
            "cache_control": "",
            "content": null,
            "content_base64": null,
            "content_disposition": "",
            "content_encoding": "",
            "content_language": "",
            "content_type": "binary/octet-stream",
            "etag": "df92bfc776de8bb9d11931a1f5de657c",
            "force_destroy": false,
            "id": "feature-card214.html",
            "key": "feature-card214.html",
            "kms_key_id": null,
            "metadata": null,
            "object_lock_legal_hold_status": "",
            "object_lock_mode": "",
            "object_lock_retain_until_date": "",
            "server_side_encryption": "",
            "source": "/Users/shashank/Desktop/smitha project/live/website/html/components/feature-card214.html",
            "source_hash": null,
            "storage_class": "STANDARD",
            "tags": null,
            "tags_all": {},
            "version_id": "",
            "website_redirect": ""
          },
          "sensitive_attributes": [],
          "private": "bnVsbA==",
          "dependencies": [
            "module.s3-website.aws_s3_bucket.static_site"
          ]
        },
        {
          "index_key": "feature-card22.css",
          "schema_version": 0,
          "attributes": {
            "acl": "public-read",
            "bucket": "tourfluent-1",
            "bucket_key_enabled": false,
            "cache_control": "",
            "content": null,
            "content_base64": null,
            "content_disposition": "",
            "content_encoding": "",
            "content_language": "",
            "content_type": "binary/octet-stream",
            "etag": "4140503b4bda6b63f7c726078967b75d",
            "force_destroy": false,
            "id": "feature-card22.css",
            "key": "feature-card22.css",
            "kms_key_id": null,
            "metadata": null,
            "object_lock_legal_hold_status": "",
            "object_lock_mode": "",
            "object_lock_retain_until_date": "",
            "server_side_encryption": "",
            "source": "/Users/shashank/Desktop/smitha project/live/website/html/components/feature-card22.css",
            "source_hash": null,
            "storage_class": "STANDARD",
            "tags": null,
            "tags_all": {},
            "version_id": "",
            "website_redirect": ""
          },
          "sensitive_attributes": [],
          "private": "bnVsbA==",
          "dependencies": [
            "module.s3-website.aws_s3_bucket.static_site"
          ]
        },
        {
          "index_key": "feature-card22.html",
          "schema_version": 0,
          "attributes": {
            "acl": "public-read",
            "bucket": "tourfluent-1",
            "bucket_key_enabled": false,
            "cache_control": "",
            "content": null,
            "content_base64": null,
            "content_disposition": "",
            "content_encoding": "",
            "content_language": "",
            "content_type": "binary/octet-stream",
            "etag": "99a3b1c51b80801f63a11a3f87559277",
            "force_destroy": false,
            "id": "feature-card22.html",
            "key": "feature-card22.html",
            "kms_key_id": null,
            "metadata": null,
            "object_lock_legal_hold_status": "",
            "object_lock_mode": "",
            "object_lock_retain_until_date": "",
            "server_side_encryption": "",
            "source": "/Users/shashank/Desktop/smitha project/live/website/html/components/feature-card22.html",
            "source_hash": null,
            "storage_class": "STANDARD",
            "tags": null,
            "tags_all": {},
            "version_id": "",
            "website_redirect": ""
          },
          "sensitive_attributes": [],
          "private": "bnVsbA==",
          "dependencies": [
            "module.s3-website.aws_s3_bucket.static_site"
          ]
        },
        {
          "index_key": "feature-card23.css",
          "schema_version": 0,
          "attributes": {
            "acl": "public-read",
            "bucket": "tourfluent-1",
            "bucket_key_enabled": false,
            "cache_control": "",
            "content": null,
            "content_base64": null,
            "content_disposition": "",
            "content_encoding": "",
            "content_language": "",
            "content_type": "binary/octet-stream",
            "etag": "69bb36444bb1fb6ef35897cc6eb9a55e",
            "force_destroy": false,
            "id": "feature-card23.css",
            "key": "feature-card23.css",
            "kms_key_id": null,
            "metadata": null,
            "object_lock_legal_hold_status": "",
            "object_lock_mode": "",
            "object_lock_retain_until_date": "",
            "server_side_encryption": "",
            "source": "/Users/shashank/Desktop/smitha project/live/website/html/components/feature-card23.css",
            "source_hash": null,
            "storage_class": "STANDARD",
            "tags": null,
            "tags_all": {},
            "version_id": "",
            "website_redirect": ""
          },
          "sensitive_attributes": [],
          "private": "bnVsbA==",
          "dependencies": [
            "module.s3-website.aws_s3_bucket.static_site"
          ]
        },
        {
          "index_key": "feature-card23.html",
          "schema_version": 0,
          "attributes": {
            "acl": "public-read",
            "bucket": "tourfluent-1",
            "bucket_key_enabled": false,
            "cache_control": "",
            "content": null,
            "content_base64": null,
            "content_disposition": "",
            "content_encoding": "",
            "content_language": "",
            "content_type": "binary/octet-stream",
            "etag": "48baabc5243549bc63e61333c2949264",
            "force_destroy": false,
            "id": "feature-card23.html",
            "key": "feature-card23.html",
            "kms_key_id": null,
            "metadata": null,
            "object_lock_legal_hold_status": "",
            "object_lock_mode": "",
            "object_lock_retain_until_date": "",
            "server_side_encryption": "",
            "source": "/Users/shashank/Desktop/smitha project/live/website/html/components/feature-card23.html",
            "source_hash": null,
            "storage_class": "STANDARD",
            "tags": null,
            "tags_all": {},
            "version_id": "",
            "website_redirect": ""
          },
          "sensitive_attributes": [],
          "private": "bnVsbA==",
          "dependencies": [
            "module.s3-website.aws_s3_bucket.static_site"
          ]
        },
        {
          "index_key": "feature-card24.css",
          "schema_version": 0,
          "attributes": {
            "acl": "public-read",
            "bucket": "tourfluent-1",
            "bucket_key_enabled": false,
            "cache_control": "",
            "content": null,
            "content_base64": null,
            "content_disposition": "",
            "content_encoding": "",
            "content_language": "",
            "content_type": "binary/octet-stream",
            "etag": "5a9e59106756dc156906a6cbb32c177d",
            "force_destroy": false,
            "id": "feature-card24.css",
            "key": "feature-card24.css",
            "kms_key_id": null,
            "metadata": null,
            "object_lock_legal_hold_status": "",
            "object_lock_mode": "",
            "object_lock_retain_until_date": "",
            "server_side_encryption": "",
            "source": "/Users/shashank/Desktop/smitha project/live/website/html/components/feature-card24.css",
            "source_hash": null,
            "storage_class": "STANDARD",
            "tags": null,
            "tags_all": {},
            "version_id": "",
            "website_redirect": ""
          },
          "sensitive_attributes": [],
          "private": "bnVsbA==",
          "dependencies": [
            "module.s3-website.aws_s3_bucket.static_site"
          ]
        },
        {
          "index_key": "feature-card24.html",
          "schema_version": 0,
          "attributes": {
            "acl": "public-read",
            "bucket": "tourfluent-1",
            "bucket_key_enabled": false,
            "cache_control": "",
            "content": null,
            "content_base64": null,
            "content_disposition": "",
            "content_encoding": "",
            "content_language": "",
            "content_type": "binary/octet-stream",
            "etag": "3374d8fb3f567d6fc41264e307b1e328",
            "force_destroy": false,
            "id": "feature-card24.html",
            "key": "feature-card24.html",
            "kms_key_id": null,
            "metadata": null,
            "object_lock_legal_hold_status": "",
            "object_lock_mode": "",
            "object_lock_retain_until_date": "",
            "server_side_encryption": "",
            "source": "/Users/shashank/Desktop/smitha project/live/website/html/components/feature-card24.html",
            "source_hash": null,
            "storage_class": "STANDARD",
            "tags": null,
            "tags_all": {},
            "version_id": "",
            "website_redirect": ""
          },
          "sensitive_attributes": [],
          "private": "bnVsbA==",
          "dependencies": [
            "module.s3-website.aws_s3_bucket.static_site"
          ]
        },
        {
          "index_key": "feature-card25.css",
          "schema_version": 0,
          "attributes": {
            "acl": "public-read",
            "bucket": "tourfluent-1",
            "bucket_key_enabled": false,
            "cache_control": "",
            "content": null,
            "content_base64": null,
            "content_disposition": "",
            "content_encoding": "",
            "content_language": "",
            "content_type": "binary/octet-stream",
            "etag": "be5b09cbf71bc5aacc4091f4761268a3",
            "force_destroy": false,
            "id": "feature-card25.css",
            "key": "feature-card25.css",
            "kms_key_id": null,
            "metadata": null,
            "object_lock_legal_hold_status": "",
            "object_lock_mode": "",
            "object_lock_retain_until_date": "",
            "server_side_encryption": "",
            "source": "/Users/shashank/Desktop/smitha project/live/website/html/components/feature-card25.css",
            "source_hash": null,
            "storage_class": "STANDARD",
            "tags": null,
            "tags_all": {},
            "version_id": "",
            "website_redirect": ""
          },
          "sensitive_attributes": [],
          "private": "bnVsbA==",
          "dependencies": [
            "module.s3-website.aws_s3_bucket.static_site"
          ]
        },
        {
          "index_key": "feature-card25.html",
          "schema_version": 0,
          "attributes": {
            "acl": "public-read",
            "bucket": "tourfluent-1",
            "bucket_key_enabled": false,
            "cache_control": "",
            "content": null,
            "content_base64": null,
            "content_disposition": "",
            "content_encoding": "",
            "content_language": "",
            "content_type": "binary/octet-stream",
            "etag": "5936d92683d3eecffd6728c8c45ba97c",
            "force_destroy": false,
            "id": "feature-card25.html",
            "key": "feature-card25.html",
            "kms_key_id": null,
            "metadata": null,
            "object_lock_legal_hold_status": "",
            "object_lock_mode": "",
            "object_lock_retain_until_date": "",
            "server_side_encryption": "",
            "source": "/Users/shashank/Desktop/smitha project/live/website/html/components/feature-card25.html",
            "source_hash": null,
            "storage_class": "STANDARD",
            "tags": null,
            "tags_all": {},
            "version_id": "",
            "website_redirect": ""
          },
          "sensitive_attributes": [],
          "private": "bnVsbA==",
          "dependencies": [
            "module.s3-website.aws_s3_bucket.static_site"
          ]
        },
        {
          "index_key": "feature-card26.css",
          "schema_version": 0,
          "attributes": {
            "acl": "public-read",
            "bucket": "tourfluent-1",
            "bucket_key_enabled": false,
            "cache_control": "",
            "content": null,
            "content_base64": null,
            "content_disposition": "",
            "content_encoding": "",
            "content_language": "",
            "content_type": "binary/octet-stream",
            "etag": "bf97e67568efb3c3f0a683d222c81794",
            "force_destroy": false,
            "id": "feature-card26.css",
            "key": "feature-card26.css",
            "kms_key_id": null,
            "metadata": null,
            "object_lock_legal_hold_status": "",
            "object_lock_mode": "",
            "object_lock_retain_until_date": "",
            "server_side_encryption": "",
            "source": "/Users/shashank/Desktop/smitha project/live/website/html/components/feature-card26.css",
            "source_hash": null,
            "storage_class": "STANDARD",
            "tags": null,
            "tags_all": {},
            "version_id": "",
            "website_redirect": ""
          },
          "sensitive_attributes": [],
          "private": "bnVsbA==",
          "dependencies": [
            "module.s3-website.aws_s3_bucket.static_site"
          ]
        },
        {
          "index_key": "feature-card26.html",
          "schema_version": 0,
          "attributes": {
            "acl": "public-read",
            "bucket": "tourfluent-1",
            "bucket_key_enabled": false,
            "cache_control": "",
            "content": null,
            "content_base64": null,
            "content_disposition": "",
            "content_encoding": "",
            "content_language": "",
            "content_type": "binary/octet-stream",
            "etag": "66219e7a65d964ad95adc801a09d04cf",
            "force_destroy": false,
            "id": "feature-card26.html",
            "key": "feature-card26.html",
            "kms_key_id": null,
            "metadata": null,
            "object_lock_legal_hold_status": "",
            "object_lock_mode": "",
            "object_lock_retain_until_date": "",
            "server_side_encryption": "",
            "source": "/Users/shashank/Desktop/smitha project/live/website/html/components/feature-card26.html",
            "source_hash": null,
            "storage_class": "STANDARD",
            "tags": null,
            "tags_all": {},
            "version_id": "",
            "website_redirect": ""
          },
          "sensitive_attributes": [],
          "private": "bnVsbA==",
          "dependencies": [
            "module.s3-website.aws_s3_bucket.static_site"
          ]
        },
        {
          "index_key": "feature-card27.css",
          "schema_version": 0,
          "attributes": {
            "acl": "public-read",
            "bucket": "tourfluent-1",
            "bucket_key_enabled": false,
            "cache_control": "",
            "content": null,
            "content_base64": null,
            "content_disposition": "",
            "content_encoding": "",
            "content_language": "",
            "content_type": "binary/octet-stream",
            "etag": "53001210487151a62bacc38ccbb449c7",
            "force_destroy": false,
            "id": "feature-card27.css",
            "key": "feature-card27.css",
            "kms_key_id": null,
            "metadata": null,
            "object_lock_legal_hold_status": "",
            "object_lock_mode": "",
            "object_lock_retain_until_date": "",
            "server_side_encryption": "",
            "source": "/Users/shashank/Desktop/smitha project/live/website/html/components/feature-card27.css",
            "source_hash": null,
            "storage_class": "STANDARD",
            "tags": null,
            "tags_all": {},
            "version_id": "",
            "website_redirect": ""
          },
          "sensitive_attributes": [],
          "private": "bnVsbA==",
          "dependencies": [
            "module.s3-website.aws_s3_bucket.static_site"
          ]
        },
        {
          "index_key": "feature-card27.html",
          "schema_version": 0,
          "attributes": {
            "acl": "public-read",
            "bucket": "tourfluent-1",
            "bucket_key_enabled": false,
            "cache_control": "",
            "content": null,
            "content_base64": null,
            "content_disposition": "",
            "content_encoding": "",
            "content_language": "",
            "content_type": "binary/octet-stream",
            "etag": "ab7f23ca03cd25b435f4e55cf99c449d",
            "force_destroy": false,
            "id": "feature-card27.html",
            "key": "feature-card27.html",
            "kms_key_id": null,
            "metadata": null,
            "object_lock_legal_hold_status": "",
            "object_lock_mode": "",
            "object_lock_retain_until_date": "",
            "server_side_encryption": "",
            "source": "/Users/shashank/Desktop/smitha project/live/website/html/components/feature-card27.html",
            "source_hash": null,
            "storage_class": "STANDARD",
            "tags": null,
            "tags_all": {},
            "version_id": "",
            "website_redirect": ""
          },
          "sensitive_attributes": [],
          "private": "bnVsbA==",
          "dependencies": [
            "module.s3-website.aws_s3_bucket.static_site"
          ]
        },
        {
          "index_key": "feature-card28.css",
          "schema_version": 0,
          "attributes": {
            "acl": "public-read",
            "bucket": "tourfluent-1",
            "bucket_key_enabled": false,
            "cache_control": "",
            "content": null,
            "content_base64": null,
            "content_disposition": "",
            "content_encoding": "",
            "content_language": "",
            "content_type": "binary/octet-stream",
            "etag": "4f26e3cb044b8e5fc9ccd9702a0a5b84",
            "force_destroy": false,
            "id": "feature-card28.css",
            "key": "feature-card28.css",
            "kms_key_id": null,
            "metadata": null,
            "object_lock_legal_hold_status": "",
            "object_lock_mode": "",
            "object_lock_retain_until_date": "",
            "server_side_encryption": "",
            "source": "/Users/shashank/Desktop/smitha project/live/website/html/components/feature-card28.css",
            "source_hash": null,
            "storage_class": "STANDARD",
            "tags": null,
            "tags_all": {},
            "version_id": "",
            "website_redirect": ""
          },
          "sensitive_attributes": [],
          "private": "bnVsbA==",
          "dependencies": [
            "module.s3-website.aws_s3_bucket.static_site"
          ]
        },
        {
          "index_key": "feature-card28.html",
          "schema_version": 0,
          "attributes": {
            "acl": "public-read",
            "bucket": "tourfluent-1",
            "bucket_key_enabled": false,
            "cache_control": "",
            "content": null,
            "content_base64": null,
            "content_disposition": "",
            "content_encoding": "",
            "content_language": "",
            "content_type": "binary/octet-stream",
            "etag": "fca65d1f4c07bdb35e32c5b4c051ea5b",
            "force_destroy": false,
            "id": "feature-card28.html",
            "key": "feature-card28.html",
            "kms_key_id": null,
            "metadata": null,
            "object_lock_legal_hold_status": "",
            "object_lock_mode": "",
            "object_lock_retain_until_date": "",
            "server_side_encryption": "",
            "source": "/Users/shashank/Desktop/smitha project/live/website/html/components/feature-card28.html",
            "source_hash": null,
            "storage_class": "STANDARD",
            "tags": null,
            "tags_all": {},
            "version_id": "",
            "website_redirect": ""
          },
          "sensitive_attributes": [],
          "private": "bnVsbA==",
          "dependencies": [
            "module.s3-website.aws_s3_bucket.static_site"
          ]
        },
        {
          "index_key": "feature-card29.css",
          "schema_version": 0,
          "attributes": {
            "acl": "public-read",
            "bucket": "tourfluent-1",
            "bucket_key_enabled": false,
            "cache_control": "",
            "content": null,
            "content_base64": null,
            "content_disposition": "",
            "content_encoding": "",
            "content_language": "",
            "content_type": "binary/octet-stream",
            "etag": "6edf9df3e32db9afe124a062ab38607b",
            "force_destroy": false,
            "id": "feature-card29.css",
            "key": "feature-card29.css",
            "kms_key_id": null,
            "metadata": null,
            "object_lock_legal_hold_status": "",
            "object_lock_mode": "",
            "object_lock_retain_until_date": "",
            "server_side_encryption": "",
            "source": "/Users/shashank/Desktop/smitha project/live/website/html/components/feature-card29.css",
            "source_hash": null,
            "storage_class": "STANDARD",
            "tags": null,
            "tags_all": {},
            "version_id": "",
            "website_redirect": ""
          },
          "sensitive_attributes": [],
          "private": "bnVsbA==",
          "dependencies": [
            "module.s3-website.aws_s3_bucket.static_site"
          ]
        },
        {
          "index_key": "feature-card29.html",
          "schema_version": 0,
          "attributes": {
            "acl": "public-read",
            "bucket": "tourfluent-1",
            "bucket_key_enabled": false,
            "cache_control": "",
            "content": null,
            "content_base64": null,
            "content_disposition": "",
            "content_encoding": "",
            "content_language": "",
            "content_type": "binary/octet-stream",
            "etag": "86e31fe4213f9212c26e8d48885ab8f1",
            "force_destroy": false,
            "id": "feature-card29.html",
            "key": "feature-card29.html",
            "kms_key_id": null,
            "metadata": null,
            "object_lock_legal_hold_status": "",
            "object_lock_mode": "",
            "object_lock_retain_until_date": "",
            "server_side_encryption": "",
            "source": "/Users/shashank/Desktop/smitha project/live/website/html/components/feature-card29.html",
            "source_hash": null,
            "storage_class": "STANDARD",
            "tags": null,
            "tags_all": {},
            "version_id": "",
            "website_redirect": ""
          },
          "sensitive_attributes": [],
          "private": "bnVsbA==",
          "dependencies": [
            "module.s3-website.aws_s3_bucket.static_site"
          ]
        },
        {
          "index_key": "navigation-links.css",
          "schema_version": 0,
          "attributes": {
            "acl": "public-read",
            "bucket": "tourfluent-1",
            "bucket_key_enabled": false,
            "cache_control": "",
            "content": null,
            "content_base64": null,
            "content_disposition": "",
            "content_encoding": "",
            "content_language": "",
            "content_type": "binary/octet-stream",
            "etag": "4b5c4a125fd2ee960a43c1ff1b0d19f1",
            "force_destroy": false,
            "id": "navigation-links.css",
            "key": "navigation-links.css",
            "kms_key_id": null,
            "metadata": null,
            "object_lock_legal_hold_status": "",
            "object_lock_mode": "",
            "object_lock_retain_until_date": "",
            "server_side_encryption": "",
            "source": "/Users/shashank/Desktop/smitha project/live/website/html/components/navigation-links.css",
            "source_hash": null,
            "storage_class": "STANDARD",
            "tags": null,
            "tags_all": {},
            "version_id": "",
            "website_redirect": ""
          },
          "sensitive_attributes": [],
          "private": "bnVsbA==",
          "dependencies": [
            "module.s3-website.aws_s3_bucket.static_site"
          ]
        },
        {
          "index_key": "navigation-links.html",
          "schema_version": 0,
          "attributes": {
            "acl": "public-read",
            "bucket": "tourfluent-1",
            "bucket_key_enabled": false,
            "cache_control": "",
            "content": null,
            "content_base64": null,
            "content_disposition": "",
            "content_encoding": "",
            "content_language": "",
            "content_type": "binary/octet-stream",
            "etag": "25c7eacd1d64a5d41a8574f13dac2ba6",
            "force_destroy": false,
            "id": "navigation-links.html",
            "key": "navigation-links.html",
            "kms_key_id": null,
            "metadata": null,
            "object_lock_legal_hold_status": "",
            "object_lock_mode": "",
            "object_lock_retain_until_date": "",
            "server_side_encryption": "",
            "source": "/Users/shashank/Desktop/smitha project/live/website/html/components/navigation-links.html",
            "source_hash": null,
            "storage_class": "STANDARD",
            "tags": null,
            "tags_all": {},
            "version_id": "",
            "website_redirect": ""
          },
          "sensitive_attributes": [],
          "private": "bnVsbA==",
          "dependencies": [
            "module.s3-website.aws_s3_bucket.static_site"
          ]
        },
        {
          "index_key": "navigation-links1.css",
          "schema_version": 0,
          "attributes": {
            "acl": "public-read",
            "bucket": "tourfluent-1",
            "bucket_key_enabled": false,
            "cache_control": "",
            "content": null,
            "content_base64": null,
            "content_disposition": "",
            "content_encoding": "",
            "content_language": "",
            "content_type": "binary/octet-stream",
            "etag": "b1112c85d04558f2f72a6f9ac6c3bdfe",
            "force_destroy": false,
            "id": "navigation-links1.css",
            "key": "navigation-links1.css",
            "kms_key_id": null,
            "metadata": null,
            "object_lock_legal_hold_status": "",
            "object_lock_mode": "",
            "object_lock_retain_until_date": "",
            "server_side_encryption": "",
            "source": "/Users/shashank/Desktop/smitha project/live/website/html/components/navigation-links1.css",
            "source_hash": null,
            "storage_class": "STANDARD",
            "tags": null,
            "tags_all": {},
            "version_id": "",
            "website_redirect": ""
          },
          "sensitive_attributes": [],
          "private": "bnVsbA==",
          "dependencies": [
            "module.s3-website.aws_s3_bucket.static_site"
          ]
        },
        {
          "index_key": "navigation-links1.html",
          "schema_version": 0,
          "attributes": {
            "acl": "public-read",
            "bucket": "tourfluent-1",
            "bucket_key_enabled": false,
            "cache_control": "",
            "content": null,
            "content_base64": null,
            "content_disposition": "",
            "content_encoding": "",
            "content_language": "",
            "content_type": "binary/octet-stream",
            "etag": "c3cb876568ada340746bbb353052d9e6",
            "force_destroy": false,
            "id": "navigation-links1.html",
            "key": "navigation-links1.html",
            "kms_key_id": null,
            "metadata": null,
            "object_lock_legal_hold_status": "",
            "object_lock_mode": "",
            "object_lock_retain_until_date": "",
            "server_side_encryption": "",
            "source": "/Users/shashank/Desktop/smitha project/live/website/html/components/navigation-links1.html",
            "source_hash": null,
            "storage_class": "STANDARD",
            "tags": null,
            "tags_all": {},
            "version_id": "",
            "website_redirect": ""
          },
          "sensitive_attributes": [],
          "private": "bnVsbA==",
          "dependencies": [
            "module.s3-website.aws_s3_bucket.static_site"
          ]
        },
        {
          "index_key": "navigation-links2.css",
          "schema_version": 0,
          "attributes": {
            "acl": "public-read",
            "bucket": "tourfluent-1",
            "bucket_key_enabled": false,
            "cache_control": "",
            "content": null,
            "content_base64": null,
            "content_disposition": "",
            "content_encoding": "",
            "content_language": "",
            "content_type": "binary/octet-stream",
            "etag": "171e7043183040fbf963e622d7d54b34",
            "force_destroy": false,
            "id": "navigation-links2.css",
            "key": "navigation-links2.css",
            "kms_key_id": null,
            "metadata": null,
            "object_lock_legal_hold_status": "",
            "object_lock_mode": "",
            "object_lock_retain_until_date": "",
            "server_side_encryption": "",
            "source": "/Users/shashank/Desktop/smitha project/live/website/html/components/navigation-links2.css",
            "source_hash": null,
            "storage_class": "STANDARD",
            "tags": null,
            "tags_all": {},
            "version_id": "",
            "website_redirect": ""
          },
          "sensitive_attributes": [],
          "private": "bnVsbA==",
          "dependencies": [
            "module.s3-website.aws_s3_bucket.static_site"
          ]
        },
        {
          "index_key": "navigation-links2.html",
          "schema_version": 0,
          "attributes": {
            "acl": "public-read",
            "bucket": "tourfluent-1",
            "bucket_key_enabled": false,
            "cache_control": "",
            "content": null,
            "content_base64": null,
            "content_disposition": "",
            "content_encoding": "",
            "content_language": "",
            "content_type": "binary/octet-stream",
            "etag": "524b9149d1a80be902fc779870ba5fc0",
            "force_destroy": false,
            "id": "navigation-links2.html",
            "key": "navigation-links2.html",
            "kms_key_id": null,
            "metadata": null,
            "object_lock_legal_hold_status": "",
            "object_lock_mode": "",
            "object_lock_retain_until_date": "",
            "server_side_encryption": "",
            "source": "/Users/shashank/Desktop/smitha project/live/website/html/components/navigation-links2.html",
            "source_hash": null,
            "storage_class": "STANDARD",
            "tags": null,
            "tags_all": {},
            "version_id": "",
            "website_redirect": ""
          },
          "sensitive_attributes": [],
          "private": "bnVsbA==",
          "dependencies": [
            "module.s3-website.aws_s3_bucket.static_site"
          ]
        },
        {
          "index_key": "navigation-links3.css",
          "schema_version": 0,
          "attributes": {
            "acl": "public-read",
            "bucket": "tourfluent-1",
            "bucket_key_enabled": false,
            "cache_control": "",
            "content": null,
            "content_base64": null,
            "content_disposition": "",
            "content_encoding": "",
            "content_language": "",
            "content_type": "binary/octet-stream",
            "etag": "e47cb2120a5085a84d6b14cab6db6589",
            "force_destroy": false,
            "id": "navigation-links3.css",
            "key": "navigation-links3.css",
            "kms_key_id": null,
            "metadata": null,
            "object_lock_legal_hold_status": "",
            "object_lock_mode": "",
            "object_lock_retain_until_date": "",
            "server_side_encryption": "",
            "source": "/Users/shashank/Desktop/smitha project/live/website/html/components/navigation-links3.css",
            "source_hash": null,
            "storage_class": "STANDARD",
            "tags": null,
            "tags_all": {},
            "version_id": "",
            "website_redirect": ""
          },
          "sensitive_attributes": [],
          "private": "bnVsbA==",
          "dependencies": [
            "module.s3-website.aws_s3_bucket.static_site"
          ]
        },
        {
          "index_key": "navigation-links3.html",
          "schema_version": 0,
          "attributes": {
            "acl": "public-read",
            "bucket": "tourfluent-1",
            "bucket_key_enabled": false,
            "cache_control": "",
            "content": null,
            "content_base64": null,
            "content_disposition": "",
            "content_encoding": "",
            "content_language": "",
            "content_type": "binary/octet-stream",
            "etag": "6d3ea1b3b7b312f3f41411b1e5487e19",
            "force_destroy": false,
            "id": "navigation-links3.html",
            "key": "navigation-links3.html",
            "kms_key_id": null,
            "metadata": null,
            "object_lock_legal_hold_status": "",
            "object_lock_mode": "",
            "object_lock_retain_until_date": "",
            "server_side_encryption": "",
            "source": "/Users/shashank/Desktop/smitha project/live/website/html/components/navigation-links3.html",
            "source_hash": null,
            "storage_class": "STANDARD",
            "tags": null,
            "tags_all": {},
            "version_id": "",
            "website_redirect": ""
          },
          "sensitive_attributes": [],
          "private": "bnVsbA==",
          "dependencies": [
            "module.s3-website.aws_s3_bucket.static_site"
          ]
        },
        {
          "index_key": "outline-button.css",
          "schema_version": 0,
          "attributes": {
            "acl": "public-read",
            "bucket": "tourfluent-1",
            "bucket_key_enabled": false,
            "cache_control": "",
            "content": null,
            "content_base64": null,
            "content_disposition": "",
            "content_encoding": "",
            "content_language": "",
            "content_type": "binary/octet-stream",
            "etag": "9386d1ff6e828f032dc5d976f09c102f",
            "force_destroy": false,
            "id": "outline-button.css",
            "key": "outline-button.css",
            "kms_key_id": null,
            "metadata": null,
            "object_lock_legal_hold_status": "",
            "object_lock_mode": "",
            "object_lock_retain_until_date": "",
            "server_side_encryption": "",
            "source": "/Users/shashank/Desktop/smitha project/live/website/html/components/outline-button.css",
            "source_hash": null,
            "storage_class": "STANDARD",
            "tags": null,
            "tags_all": {},
            "version_id": "",
            "website_redirect": ""
          },
          "sensitive_attributes": [],
          "private": "bnVsbA==",
          "dependencies": [
            "module.s3-website.aws_s3_bucket.static_site"
          ]
        },
        {
          "index_key": "outline-button.html",
          "schema_version": 0,
          "attributes": {
            "acl": "public-read",
            "bucket": "tourfluent-1",
            "bucket_key_enabled": false,
            "cache_control": "",
            "content": null,
            "content_base64": null,
            "content_disposition": "",
            "content_encoding": "",
            "content_language": "",
            "content_type": "binary/octet-stream",
            "etag": "4ead132edc4b03e1e116e6cdc0e8d5ff",
            "force_destroy": false,
            "id": "outline-button.html",
            "key": "outline-button.html",
            "kms_key_id": null,
            "metadata": null,
            "object_lock_legal_hold_status": "",
            "object_lock_mode": "",
            "object_lock_retain_until_date": "",
            "server_side_encryption": "",
            "source": "/Users/shashank/Desktop/smitha project/live/website/html/components/outline-button.html",
            "source_hash": null,
            "storage_class": "STANDARD",
            "tags": null,
            "tags_all": {},
            "version_id": "",
            "website_redirect": ""
          },
          "sensitive_attributes": [],
          "private": "bnVsbA==",
          "dependencies": [
            "module.s3-website.aws_s3_bucket.static_site"
          ]
        },
        {
          "index_key": "place-card.css",
          "schema_version": 0,
          "attributes": {
            "acl": "public-read",
            "bucket": "tourfluent-1",
            "bucket_key_enabled": false,
            "cache_control": "",
            "content": null,
            "content_base64": null,
            "content_disposition": "",
            "content_encoding": "",
            "content_language": "",
            "content_type": "binary/octet-stream",
            "etag": "b3f03d0896b7823ce4d91fd899f7d1e4",
            "force_destroy": false,
            "id": "place-card.css",
            "key": "place-card.css",
            "kms_key_id": null,
            "metadata": null,
            "object_lock_legal_hold_status": "",
            "object_lock_mode": "",
            "object_lock_retain_until_date": "",
            "server_side_encryption": "",
            "source": "/Users/shashank/Desktop/smitha project/live/website/html/components/place-card.css",
            "source_hash": null,
            "storage_class": "STANDARD",
            "tags": null,
            "tags_all": {},
            "version_id": "",
            "website_redirect": ""
          },
          "sensitive_attributes": [],
          "private": "bnVsbA==",
          "dependencies": [
            "module.s3-website.aws_s3_bucket.static_site"
          ]
        },
        {
          "index_key": "place-card.html",
          "schema_version": 0,
          "attributes": {
            "acl": "public-read",
            "bucket": "tourfluent-1",
            "bucket_key_enabled": false,
            "cache_control": "",
            "content": null,
            "content_base64": null,
            "content_disposition": "",
            "content_encoding": "",
            "content_language": "",
            "content_type": "binary/octet-stream",
            "etag": "28091f245103a8a694b15c24c365c89c",
            "force_destroy": false,
            "id": "place-card.html",
            "key": "place-card.html",
            "kms_key_id": null,
            "metadata": null,
            "object_lock_legal_hold_status": "",
            "object_lock_mode": "",
            "object_lock_retain_until_date": "",
            "server_side_encryption": "",
            "source": "/Users/shashank/Desktop/smitha project/live/website/html/components/place-card.html",
            "source_hash": null,
            "storage_class": "STANDARD",
            "tags": null,
            "tags_all": {},
            "version_id": "",
            "website_redirect": ""
          },
          "sensitive_attributes": [],
          "private": "bnVsbA==",
          "dependencies": [
            "module.s3-website.aws_s3_bucket.static_site"
          ]
        },
        {
          "index_key": "solid-button.css",
          "schema_version": 0,
          "attributes": {
            "acl": "public-read",
            "bucket": "tourfluent-1",
            "bucket_key_enabled": false,
            "cache_control": "",
            "content": null,
            "content_base64": null,
            "content_disposition": "",
            "content_encoding": "",
            "content_language": "",
            "content_type": "binary/octet-stream",
            "etag": "5ca15d63c8c6b5a585d4a9f8aea2ba74",
            "force_destroy": false,
            "id": "solid-button.css",
            "key": "solid-button.css",
            "kms_key_id": null,
            "metadata": null,
            "object_lock_legal_hold_status": "",
            "object_lock_mode": "",
            "object_lock_retain_until_date": "",
            "server_side_encryption": "",
            "source": "/Users/shashank/Desktop/smitha project/live/website/html/components/solid-button.css",
            "source_hash": null,
            "storage_class": "STANDARD",
            "tags": null,
            "tags_all": {},
            "version_id": "",
            "website_redirect": ""
          },
          "sensitive_attributes": [],
          "private": "bnVsbA==",
          "dependencies": [
            "module.s3-website.aws_s3_bucket.static_site"
          ]
        },
        {
          "index_key": "solid-button.html",
          "schema_version": 0,
          "attributes": {
            "acl": "public-read",
            "bucket": "tourfluent-1",
            "bucket_key_enabled": false,
            "cache_control": "",
            "content": null,
            "content_base64": null,
            "content_disposition": "",
            "content_encoding": "",
            "content_language": "",
            "content_type": "binary/octet-stream",
            "etag": "e75c0d1c8eec06f17db5d1dad461f74f",
            "force_destroy": false,
            "id": "solid-button.html",
            "key": "solid-button.html",
            "kms_key_id": null,
            "metadata": null,
            "object_lock_legal_hold_status": "",
            "object_lock_mode": "",
            "object_lock_retain_until_date": "",
            "server_side_encryption": "",
            "source": "/Users/shashank/Desktop/smitha project/live/website/html/components/solid-button.html",
            "source_hash": null,
            "storage_class": "STANDARD",
            "tags": null,
            "tags_all": {},
            "version_id": "",
            "website_redirect": ""
          },
          "sensitive_attributes": [],
          "private": "bnVsbA==",
          "dependencies": [
            "module.s3-website.aws_s3_bucket.static_site"
          ]
        }
      ]
    },
    {
      "module": "module.s3-website",
      "mode": "managed",
      "type": "aws_s3_bucket_object",
      "name": "hidden-places",
      "provider": "provider[\"registry.terraform.io/hashicorp/aws\"]",
      "instances": [
        {
          "schema_version": 0,
          "attributes": {
            "acl": "public-read",
            "bucket": "tourfluent-1",
            "bucket_key_enabled": false,
            "cache_control": "",
            "content": null,
            "content_base64": null,
            "content_disposition": "",
            "content_encoding": "",
            "content_language": "",
            "content_type": "text/html",
            "etag": "5629f9422cbc3f00cc95a99d41327ed0",
            "force_destroy": false,
            "id": "hidden-places.html",
            "key": "hidden-places.html",
            "kms_key_id": null,
            "metadata": {},
            "object_lock_legal_hold_status": "",
            "object_lock_mode": "",
            "object_lock_retain_until_date": "",
            "server_side_encryption": "",
            "source": "html/hidden-places.html",
            "source_hash": null,
            "storage_class": "STANDARD",
            "tags": {},
            "tags_all": {},
            "version_id": "",
            "website_redirect": ""
          },
          "sensitive_attributes": [],
          "private": "bnVsbA==",
          "dependencies": [
            "module.s3-website.aws_s3_bucket.static_site"
          ]
        }
      ]
    },
    {
      "module": "module.s3-website",
      "mode": "managed",
      "type": "aws_s3_bucket_object",
      "name": "hidden-places1",
      "provider": "provider[\"registry.terraform.io/hashicorp/aws\"]",
      "instances": [
        {
          "schema_version": 0,
          "attributes": {
            "acl": "public-read",
            "bucket": "tourfluent-1",
            "bucket_key_enabled": false,
            "cache_control": "",
            "content": null,
            "content_base64": null,
            "content_disposition": "",
            "content_encoding": "",
            "content_language": "",
            "content_type": "style/css",
            "etag": "3825686967b51844ff4e354a3ee32936",
            "force_destroy": false,
            "id": "hidden-places.css",
            "key": "hidden-places.css",
            "kms_key_id": null,
            "metadata": {},
            "object_lock_legal_hold_status": "",
            "object_lock_mode": "",
            "object_lock_retain_until_date": "",
            "server_side_encryption": "",
            "source": "html/hidden-places.css",
            "source_hash": null,
            "storage_class": "STANDARD",
            "tags": {},
            "tags_all": {},
            "version_id": "",
            "website_redirect": ""
          },
          "sensitive_attributes": [],
          "private": "bnVsbA==",
          "dependencies": [
            "module.s3-website.aws_s3_bucket.static_site"
          ]
        }
      ]
    },
    {
      "module": "module.s3-website",
      "mode": "managed",
      "type": "aws_s3_bucket_object",
      "name": "index",
      "provider": "provider[\"registry.terraform.io/hashicorp/aws\"]",
      "instances": [
        {
          "schema_version": 0,
          "attributes": {
            "acl": "public-read",
            "bucket": "tourfluent-1",
            "bucket_key_enabled": false,
            "cache_control": "",
            "content": null,
            "content_base64": null,
            "content_disposition": "",
            "content_encoding": "",
            "content_language": "",
            "content_type": "text/html",
            "etag": "6edd492e94e861636d1ab3e06f39dc7d",
            "force_destroy": false,
            "id": "index.html",
            "key": "index.html",
            "kms_key_id": null,
            "metadata": {},
            "object_lock_legal_hold_status": "",
            "object_lock_mode": "",
            "object_lock_retain_until_date": "",
            "server_side_encryption": "",
            "source": "html/index.html",
            "source_hash": null,
            "storage_class": "STANDARD",
            "tags": {},
            "tags_all": {},
            "version_id": "",
            "website_redirect": ""
          },
          "sensitive_attributes": [],
          "private": "bnVsbA==",
          "dependencies": [
            "module.s3-website.aws_s3_bucket.static_site"
          ]
        }
      ]
    },
    {
      "module": "module.s3-website",
      "mode": "managed",
      "type": "aws_s3_bucket_object",
      "name": "landing-page",
      "provider": "provider[\"registry.terraform.io/hashicorp/aws\"]",
      "instances": [
        {
          "schema_version": 0,
          "attributes": {
            "acl": "public-read",
            "bucket": "tourfluent-1",
            "bucket_key_enabled": false,
            "cache_control": "",
            "content": null,
            "content_base64": null,
            "content_disposition": "",
            "content_encoding": "",
            "content_language": "",
            "content_type": "style/css",
            "etag": "9dd1cf028ab86607785420d00dd8a92d",
            "force_destroy": false,
            "id": "landing-page.css",
            "key": "landing-page.css",
            "kms_key_id": null,
            "metadata": {},
            "object_lock_legal_hold_status": "",
            "object_lock_mode": "",
            "object_lock_retain_until_date": "",
            "server_side_encryption": "",
            "source": "html/landing-page.css",
            "source_hash": null,
            "storage_class": "STANDARD",
            "tags": {},
            "tags_all": {},
            "version_id": "",
            "website_redirect": ""
          },
          "sensitive_attributes": [],
          "private": "bnVsbA==",
          "dependencies": [
            "module.s3-website.aws_s3_bucket.static_site"
          ]
        }
      ]
    },
    {
      "module": "module.s3-website",
      "mode": "managed",
      "type": "aws_s3_bucket_object",
      "name": "log-in",
      "provider": "provider[\"registry.terraform.io/hashicorp/aws\"]",
      "instances": [
        {
          "schema_version": 0,
          "attributes": {
            "acl": "public-read",
            "bucket": "tourfluent-1",
            "bucket_key_enabled": false,
            "cache_control": "",
            "content": null,
            "content_base64": null,
            "content_disposition": "",
            "content_encoding": "",
            "content_language": "",
            "content_type": "text/html",
            "etag": "d09273be2571b6b94944b4ae1ac25976",
            "force_destroy": false,
            "id": "log-in.html",
            "key": "log-in.html",
            "kms_key_id": null,
            "metadata": {},
            "object_lock_legal_hold_status": "",
            "object_lock_mode": "",
            "object_lock_retain_until_date": "",
            "server_side_encryption": "",
            "source": "html/log-in.html",
            "source_hash": null,
            "storage_class": "STANDARD",
            "tags": {},
            "tags_all": {},
            "version_id": "",
            "website_redirect": ""
          },
          "sensitive_attributes": [],
          "private": "bnVsbA==",
          "dependencies": [
            "module.s3-website.aws_s3_bucket.static_site"
          ]
        }
      ]
    },
    {
      "module": "module.s3-website",
      "mode": "managed",
      "type": "aws_s3_bucket_object",
      "name": "log-in1",
      "provider": "provider[\"registry.terraform.io/hashicorp/aws\"]",
      "instances": [
        {
          "schema_version": 0,
          "attributes": {
            "acl": "public-read",
            "bucket": "tourfluent-1",
            "bucket_key_enabled": false,
            "cache_control": "",
            "content": null,
            "content_base64": null,
            "content_disposition": "",
            "content_encoding": "",
            "content_language": "",
            "content_type": "style/css",
            "etag": "9a0d2f299a77775f042dfcb122ae9179",
            "force_destroy": false,
            "id": "log-in.css",
            "key": "log-in.css",
            "kms_key_id": null,
            "metadata": {},
            "object_lock_legal_hold_status": "",
            "object_lock_mode": "",
            "object_lock_retain_until_date": "",
            "server_side_encryption": "",
            "source": "html/log-in.css",
            "source_hash": null,
            "storage_class": "STANDARD",
            "tags": {},
            "tags_all": {},
            "version_id": "",
            "website_redirect": ""
          },
          "sensitive_attributes": [],
          "private": "bnVsbA==",
          "dependencies": [
            "module.s3-website.aws_s3_bucket.static_site"
          ]
        }
      ]
    },
    {
      "module": "module.s3-website",
      "mode": "managed",
      "type": "aws_s3_bucket_object",
      "name": "package",
      "provider": "provider[\"registry.terraform.io/hashicorp/aws\"]",
      "instances": [
        {
          "schema_version": 0,
          "attributes": {
            "acl": "public-read",
            "bucket": "tourfluent-1",
            "bucket_key_enabled": false,
            "cache_control": "",
            "content": null,
            "content_base64": null,
            "content_disposition": "",
            "content_encoding": "",
            "content_language": "",
            "content_type": "application/json",
            "etag": "ced6a97ada13e2af2c1ff38b54702bf7",
            "force_destroy": false,
            "id": "package.json",
            "key": "package.json",
            "kms_key_id": null,
            "metadata": {},
            "object_lock_legal_hold_status": "",
            "object_lock_mode": "",
            "object_lock_retain_until_date": "",
            "server_side_encryption": "",
            "source": "html/package.json",
            "source_hash": null,
            "storage_class": "STANDARD",
            "tags": {},
            "tags_all": {},
            "version_id": "",
            "website_redirect": ""
          },
          "sensitive_attributes": [],
          "private": "bnVsbA==",
          "dependencies": [
            "module.s3-website.aws_s3_bucket.static_site"
          ]
        }
      ]
    },
    {
      "module": "module.s3-website",
      "mode": "managed",
      "type": "aws_s3_bucket_object",
      "name": "package-info",
      "provider": "provider[\"registry.terraform.io/hashicorp/aws\"]",
      "instances": [
        {
          "schema_version": 0,
          "attributes": {
            "acl": "public-read",
            "bucket": "tourfluent-1",
            "bucket_key_enabled": false,
            "cache_control": "",
            "content": null,
            "content_base64": null,
            "content_disposition": "",
            "content_encoding": "",
            "content_language": "",
            "content_type": "text/html",
            "etag": "c7a801e3072db932fcf0cb1c9a9a5401",
            "force_destroy": false,
            "id": "package-info.html",
            "key": "package-info.html",
            "kms_key_id": null,
            "metadata": {},
            "object_lock_legal_hold_status": "",
            "object_lock_mode": "",
            "object_lock_retain_until_date": "",
            "server_side_encryption": "",
            "source": "html/package-info.html",
            "source_hash": null,
            "storage_class": "STANDARD",
            "tags": {},
            "tags_all": {},
            "version_id": "",
            "website_redirect": ""
          },
          "sensitive_attributes": [],
          "private": "bnVsbA==",
          "dependencies": [
            "module.s3-website.aws_s3_bucket.static_site"
          ]
        }
      ]
    },
    {
      "module": "module.s3-website",
      "mode": "managed",
      "type": "aws_s3_bucket_object",
      "name": "package-info1",
      "provider": "provider[\"registry.terraform.io/hashicorp/aws\"]",
      "instances": [
        {
          "schema_version": 0,
          "attributes": {
            "acl": "public-read",
            "bucket": "tourfluent-1",
            "bucket_key_enabled": false,
            "cache_control": "",
            "content": null,
            "content_base64": null,
            "content_disposition": "",
            "content_encoding": "",
            "content_language": "",
            "content_type": "style/css",
            "etag": "c9e3c1d231f97cca4248d53e37acee34",
            "force_destroy": false,
            "id": "package-info.css",
            "key": "package-info.css",
            "kms_key_id": null,
            "metadata": {},
            "object_lock_legal_hold_status": "",
            "object_lock_mode": "",
            "object_lock_retain_until_date": "",
            "server_side_encryption": "",
            "source": "html/package-info.css",
            "source_hash": null,
            "storage_class": "STANDARD",
            "tags": {},
            "tags_all": {},
            "version_id": "",
            "website_redirect": ""
          },
          "sensitive_attributes": [],
          "private": "bnVsbA==",
          "dependencies": [
            "module.s3-website.aws_s3_bucket.static_site"
          ]
        }
      ]
    },
    {
      "module": "module.s3-website",
      "mode": "managed",
      "type": "aws_s3_bucket_object",
      "name": "playground_assets",
      "provider": "provider[\"registry.terraform.io/hashicorp/aws\"]",
      "instances": [
        {
          "schema_version": 0,
          "attributes": {
            "acl": "public-read",
            "bucket": "tourfluent-1",
            "bucket_key_enabled": false,
            "cache_control": "",
            "content": null,
            "content_base64": null,
            "content_disposition": "",
            "content_encoding": "",
            "content_language": "",
            "content_type": "binary/octet-stream",
            "etag": "d41d8cd98f00b204e9800998ecf8427e",
            "force_destroy": false,
            "id": "public/playground_assets/",
            "key": "public/playground_assets/",
            "kms_key_id": null,
            "metadata": {},
            "object_lock_legal_hold_status": "",
            "object_lock_mode": "",
            "object_lock_retain_until_date": "",
            "server_side_encryption": "",
            "source": "/dev/null",
            "source_hash": null,
            "storage_class": "STANDARD",
            "tags": {},
            "tags_all": {},
            "version_id": "",
            "website_redirect": ""
          },
          "sensitive_attributes": [],
          "private": "bnVsbA==",
          "dependencies": [
            "module.s3-website.aws_s3_bucket.static_site"
          ]
        }
      ]
    },
    {
      "module": "module.s3-website",
      "mode": "managed",
      "type": "aws_s3_bucket_object",
      "name": "public",
      "provider": "provider[\"registry.terraform.io/hashicorp/aws\"]",
      "instances": [
        {
          "schema_version": 0,
          "attributes": {
            "acl": "public-read",
            "bucket": "tourfluent-1",
            "bucket_key_enabled": false,
            "cache_control": "",
            "content": null,
            "content_base64": null,
            "content_disposition": "",
            "content_encoding": "",
            "content_language": "",
            "content_type": "binary/octet-stream",
            "etag": "d41d8cd98f00b204e9800998ecf8427e",
            "force_destroy": false,
            "id": "public/",
            "key": "public/",
            "kms_key_id": null,
            "metadata": {},
            "object_lock_legal_hold_status": "",
            "object_lock_mode": "",
            "object_lock_retain_until_date": "",
            "server_side_encryption": "",
            "source": "/dev/null",
            "source_hash": null,
            "storage_class": "STANDARD",
            "tags": {},
            "tags_all": {},
            "version_id": "",
            "website_redirect": ""
          },
          "sensitive_attributes": [],
          "private": "bnVsbA==",
          "dependencies": [
            "module.s3-website.aws_s3_bucket.static_site"
          ]
        }
      ]
    },
    {
      "module": "module.s3-website",
      "mode": "managed",
      "type": "aws_s3_bucket_object",
      "name": "sign-in",
      "provider": "provider[\"registry.terraform.io/hashicorp/aws\"]",
      "instances": [
        {
          "schema_version": 0,
          "attributes": {
            "acl": "public-read",
            "bucket": "tourfluent-1",
            "bucket_key_enabled": false,
            "cache_control": "",
            "content": null,
            "content_base64": null,
            "content_disposition": "",
            "content_encoding": "",
            "content_language": "",
            "content_type": "text/html",
            "etag": "f7e651992b257a9dd0101b00bbb57acf",
            "force_destroy": false,
            "id": "sign-in.html",
            "key": "sign-in.html",
            "kms_key_id": null,
            "metadata": {},
            "object_lock_legal_hold_status": "",
            "object_lock_mode": "",
            "object_lock_retain_until_date": "",
            "server_side_encryption": "",
            "source": "html/sign-in.html",
            "source_hash": null,
            "storage_class": "STANDARD",
            "tags": {},
            "tags_all": {},
            "version_id": "",
            "website_redirect": ""
          },
          "sensitive_attributes": [],
          "private": "bnVsbA==",
          "dependencies": [
            "module.s3-website.aws_s3_bucket.static_site"
          ]
        }
      ]
    },
    {
      "module": "module.s3-website",
      "mode": "managed",
      "type": "aws_s3_bucket_object",
      "name": "sign-in1",
      "provider": "provider[\"registry.terraform.io/hashicorp/aws\"]",
      "instances": [
        {
          "schema_version": 0,
          "attributes": {
            "acl": "public-read",
            "bucket": "tourfluent-1",
            "bucket_key_enabled": false,
            "cache_control": "",
            "content": null,
            "content_base64": null,
            "content_disposition": "",
            "content_encoding": "",
            "content_language": "",
            "content_type": "style/css",
            "etag": "d0c7d40c7455bb16410f33644671dae8",
            "force_destroy": false,
            "id": "sign-in.css",
            "key": "sign-in.css",
            "kms_key_id": null,
            "metadata": {},
            "object_lock_legal_hold_status": "",
            "object_lock_mode": "",
            "object_lock_retain_until_date": "",
            "server_side_encryption": "",
            "source": "html/sign-in.css",
            "source_hash": null,
            "storage_class": "STANDARD",
            "tags": {},
            "tags_all": {},
            "version_id": "",
            "website_redirect": ""
          },
          "sensitive_attributes": [],
          "private": "bnVsbA==",
          "dependencies": [
            "module.s3-website.aws_s3_bucket.static_site"
          ]
        }
      ]
    },
    {
      "module": "module.s3-website",
      "mode": "managed",
      "type": "aws_s3_bucket_object",
      "name": "style",
      "provider": "provider[\"registry.terraform.io/hashicorp/aws\"]",
      "instances": [
        {
          "schema_version": 0,
          "attributes": {
            "acl": "public-read",
            "bucket": "tourfluent-1",
            "bucket_key_enabled": false,
            "cache_control": "",
            "content": null,
            "content_base64": null,
            "content_disposition": "",
            "content_encoding": "",
            "content_language": "",
            "content_type": "style/css",
            "etag": "69e2bb02c2a074565d5522e24944770d",
            "force_destroy": false,
            "id": "style.css",
            "key": "style.css",
            "kms_key_id": null,
            "metadata": {},
            "object_lock_legal_hold_status": "",
            "object_lock_mode": "",
            "object_lock_retain_until_date": "",
            "server_side_encryption": "",
            "source": "html/style.css",
            "source_hash": null,
            "storage_class": "STANDARD",
            "tags": {},
            "tags_all": {},
            "version_id": "",
            "website_redirect": ""
          },
          "sensitive_attributes": [],
          "private": "bnVsbA==",
          "dependencies": [
            "module.s3-website.aws_s3_bucket.static_site"
          ]
        }
      ]
    },
    {
      "module": "module.s3-website",
      "mode": "managed",
      "type": "aws_s3_bucket_object",
      "name": "tour-packages",
      "provider": "provider[\"registry.terraform.io/hashicorp/aws\"]",
      "instances": [
        {
          "schema_version": 0,
          "attributes": {
            "acl": "public-read",
            "bucket": "tourfluent-1",
            "bucket_key_enabled": false,
            "cache_control": "",
            "content": null,
            "content_base64": null,
            "content_disposition": "",
            "content_encoding": "",
            "content_language": "",
            "content_type": "text/html",
            "etag": "bcce5223069caa77d0442bc45f8e373e",
            "force_destroy": false,
            "id": "tour-packages.html",
            "key": "tour-packages.html",
            "kms_key_id": null,
            "metadata": {},
            "object_lock_legal_hold_status": "",
            "object_lock_mode": "",
            "object_lock_retain_until_date": "",
            "server_side_encryption": "",
            "source": "html/tour-packages.html",
            "source_hash": null,
            "storage_class": "STANDARD",
            "tags": {},
            "tags_all": {},
            "version_id": "",
            "website_redirect": ""
          },
          "sensitive_attributes": [],
          "private": "bnVsbA==",
          "dependencies": [
            "module.s3-website.aws_s3_bucket.static_site"
          ]
        }
      ]
    },
    {
      "module": "module.s3-website",
      "mode": "managed",
      "type": "aws_s3_bucket_object",
      "name": "tour-packages1",
      "provider": "provider[\"registry.terraform.io/hashicorp/aws\"]",
      "instances": [
        {
          "schema_version": 0,
          "attributes": {
            "acl": "public-read",
            "bucket": "tourfluent-1",
            "bucket_key_enabled": false,
            "cache_control": "",
            "content": null,
            "content_base64": null,
            "content_disposition": "",
            "content_encoding": "",
            "content_language": "",
            "content_type": "style/css",
            "etag": "b47ceb553fd6f6487cba3899f3a902d5",
            "force_destroy": false,
            "id": "tour-packages.css",
            "key": "tour-packages.css",
            "kms_key_id": null,
            "metadata": {},
            "object_lock_legal_hold_status": "",
            "object_lock_mode": "",
            "object_lock_retain_until_date": "",
            "server_side_encryption": "",
            "source": "html/tour-packages.css",
            "source_hash": null,
            "storage_class": "STANDARD",
            "tags": {},
            "tags_all": {},
            "version_id": "",
            "website_redirect": ""
          },
          "sensitive_attributes": [],
          "private": "bnVsbA==",
          "dependencies": [
            "module.s3-website.aws_s3_bucket.static_site"
          ]
        }
      ]
    }
  ],
  "check_results": []
}
